{
  "pins" : [
    {
      "identity" : "wikipediakit",
      "kind" : "remoteSourceControl",
      "location" : "https://github.com/Raureif/WikipediaKit",
      "state" : {
        "branch" : "main",
        "revision" : "8a68910bae7253bf1aaefe4eb1251ccd2e494976"
      }
    }
  ],
  "version" : 2
}
