// !$*UTF8*$!
{
	archiveVersion = 1;
	classes = {
	};
	objectVersion = 56;
	objects = {

/* Begin PBXBuildFile section */
		5C13F0392952825200981AC9 /* CoreLocation.framework in Frameworks */ = {isa = PBXBuildFile; fileRef = 5C13F0382952825200981AC9 /* CoreLocation.framework */; };
		5C3D8B25294FA1C6009875BE /* FindViewController+CameraPicker.swift in Sources */ = {isa = PBXBuildFile; fileRef = 5C3D8B24294FA1C6009875BE /* FindViewController+CameraPicker.swift */; };
		5C3D8B27294FA220009875BE /* FindViewController+PhotoPicker.swift in Sources */ = {isa = PBXBuildFile; fileRef = 5C3D8B26294FA220009875BE /* FindViewController+PhotoPicker.swift */; };
		5C3F8D25294FD29B000BF25C /* ImagePredictor.swift in Sources */ = {isa = PBXBuildFile; fileRef = 5C3F8D24294FD29A000BF25C /* ImagePredictor.swift */; };
		5C3F8D29294FD317000BF25C /* VNClassificationObservation+confidenceString.swift in Sources */ = {isa = PBXBuildFile; fileRef = 5C3F8D27294FD317000BF25C /* VNClassificationObservation+confidenceString.swift */; };
		5C3F8D2A294FD317000BF25C /* CGImagePropertyOrientation+UIImageOrientation.swift in Sources */ = {isa = PBXBuildFile; fileRef = 5C3F8D28294FD317000BF25C /* CGImagePropertyOrientation+UIImageOrientation.swift */; };
		5C3F8D2C294FD48D000BF25C /* AIVision.swift in Sources */ = {isa = PBXBuildFile; fileRef = 5C3F8D2B294FD48D000BF25C /* AIVision.swift */; };
		5C592F102937CF7100D67289 /* HomeViewController.swift in Sources */ = {isa = PBXBuildFile; fileRef = 5C592F0F2937CF7100D67289 /* HomeViewController.swift */; };
		5C592F122937D04200D67289 /* MyPlantsViewController.swift in Sources */ = {isa = PBXBuildFile; fileRef = 5C592F112937D04200D67289 /* MyPlantsViewController.swift */; };
		5C5EA888295D19A6008829D7 /* PlantX3.mlmodel in Sources */ = {isa = PBXBuildFile; fileRef = 5C5EA887295D19A6008829D7 /* PlantX3.mlmodel */; };
		5C6612072951CA9F003E0E1A /* WikipediaKit in Frameworks */ = {isa = PBXBuildFile; productRef = 5C6612062951CA9F003E0E1A /* WikipediaKit */; };
		5C75059B293A8D1800569883 /* LaunchViewController.swift in Sources */ = {isa = PBXBuildFile; fileRef = 5C75059A293A8D1800569883 /* LaunchViewController.swift */; };
		5C8FA2442937AC7E009CE9D7 /* AppDelegate.swift in Sources */ = {isa = PBXBuildFile; fileRef = 5C8FA2432937AC7E009CE9D7 /* AppDelegate.swift */; };
		5C8FA2462937AC7E009CE9D7 /* SceneDelegate.swift in Sources */ = {isa = PBXBuildFile; fileRef = 5C8FA2452937AC7E009CE9D7 /* SceneDelegate.swift */; };
		5C8FA24B2937AC7E009CE9D7 /* Main.storyboard in Resources */ = {isa = PBXBuildFile; fileRef = 5C8FA2492937AC7E009CE9D7 /* Main.storyboard */; };
		5C8FA24E2937AC7E009CE9D7 /* PlantX.xcdatamodeld in Sources */ = {isa = PBXBuildFile; fileRef = 5C8FA24C2937AC7E009CE9D7 /* PlantX.xcdatamodeld */; };
		5C8FA2502937AC7F009CE9D7 /* Assets.xcassets in Resources */ = {isa = PBXBuildFile; fileRef = 5C8FA24F2937AC7F009CE9D7 /* Assets.xcassets */; };
		5C8FA2532937AC7F009CE9D7 /* LaunchScreen.storyboard in Resources */ = {isa = PBXBuildFile; fileRef = 5C8FA2512937AC7F009CE9D7 /* LaunchScreen.storyboard */; };
		5C8FA25E2937AC80009CE9D7 /* PlantXTests.swift in Sources */ = {isa = PBXBuildFile; fileRef = 5C8FA25D2937AC80009CE9D7 /* PlantXTests.swift */; };
		5C8FA2682937AC80009CE9D7 /* PlantXUITests.swift in Sources */ = {isa = PBXBuildFile; fileRef = 5C8FA2672937AC80009CE9D7 /* PlantXUITests.swift */; };
		5C8FA26A2937AC80009CE9D7 /* PlantXUITestsLaunchTests.swift in Sources */ = {isa = PBXBuildFile; fileRef = 5C8FA2692937AC80009CE9D7 /* PlantXUITestsLaunchTests.swift */; };
		5CCE5C84293A5BEB006F0251 /* FindViewController.swift in Sources */ = {isa = PBXBuildFile; fileRef = 5CCE5C83293A5BEB006F0251 /* FindViewController.swift */; };
		5CCE5C86293A5C02006F0251 /* HistoryViewController.swift in Sources */ = {isa = PBXBuildFile; fileRef = 5CCE5C85293A5C02006F0251 /* HistoryViewController.swift */; };
		5CCE5C88293A5C11006F0251 /* ResultViewController.swift in Sources */ = {isa = PBXBuildFile; fileRef = 5CCE5C87293A5C11006F0251 /* ResultViewController.swift */; };
		5CF8D53C295672340023C62E /* label.txt in Resources */ = {isa = PBXBuildFile; fileRef = 5CF8D53B295672340023C62E /* label.txt */; };
/* End PBXBuildFile section */

/* Begin PBXContainerItemProxy section */
		5C8FA25A2937AC80009CE9D7 /* PBXContainerItemProxy */ = {
			isa = PBXContainerItemProxy;
			containerPortal = 5C8FA2382937AC7E009CE9D7 /* Project object */;
			proxyType = 1;
			remoteGlobalIDString = 5C8FA23F2937AC7E009CE9D7;
			remoteInfo = PlantX;
		};
		5C8FA2642937AC80009CE9D7 /* PBXContainerItemProxy */ = {
			isa = PBXContainerItemProxy;
			containerPortal = 5C8FA2382937AC7E009CE9D7 /* Project object */;
			proxyType = 1;
			remoteGlobalIDString = 5C8FA23F2937AC7E009CE9D7;
			remoteInfo = PlantX;
		};
/* End PBXContainerItemProxy section */

/* Begin PBXFileReference section */
		5C13F0382952825200981AC9 /* CoreLocation.framework */ = {isa = PBXFileReference; lastKnownFileType = wrapper.framework; name = CoreLocation.framework; path = System/Library/Frameworks/CoreLocation.framework; sourceTree = SDKROOT; };
		5C3D8B24294FA1C6009875BE /* FindViewController+CameraPicker.swift */ = {isa = PBXFileReference; fileEncoding = 4; lastKnownFileType = sourcecode.swift; path = "FindViewController+CameraPicker.swift"; sourceTree = "<group>"; };
		5C3D8B26294FA220009875BE /* FindViewController+PhotoPicker.swift */ = {isa = PBXFileReference; fileEncoding = 4; lastKnownFileType = sourcecode.swift; path = "FindViewController+PhotoPicker.swift"; sourceTree = "<group>"; };
		5C3F8D24294FD29A000BF25C /* ImagePredictor.swift */ = {isa = PBXFileReference; fileEncoding = 4; lastKnownFileType = sourcecode.swift; path = ImagePredictor.swift; sourceTree = "<group>"; };
		5C3F8D27294FD317000BF25C /* VNClassificationObservation+confidenceString.swift */ = {isa = PBXFileReference; fileEncoding = 4; lastKnownFileType = sourcecode.swift; path = "VNClassificationObservation+confidenceString.swift"; sourceTree = "<group>"; };
		5C3F8D28294FD317000BF25C /* CGImagePropertyOrientation+UIImageOrientation.swift */ = {isa = PBXFileReference; fileEncoding = 4; lastKnownFileType = sourcecode.swift; path = "CGImagePropertyOrientation+UIImageOrientation.swift"; sourceTree = "<group>"; };
		5C3F8D2B294FD48D000BF25C /* AIVision.swift */ = {isa = PBXFileReference; fileEncoding = 4; lastKnownFileType = sourcecode.swift; path = AIVision.swift; sourceTree = "<group>"; };
		5C592F0F2937CF7100D67289 /* HomeViewController.swift */ = {isa = PBXFileReference; lastKnownFileType = sourcecode.swift; path = HomeViewController.swift; sourceTree = "<group>"; };
		5C592F112937D04200D67289 /* MyPlantsViewController.swift */ = {isa = PBXFileReference; lastKnownFileType = sourcecode.swift; path = MyPlantsViewController.swift; sourceTree = "<group>"; };
		5C5EA887295D19A6008829D7 /* PlantX3.mlmodel */ = {isa = PBXFileReference; lastKnownFileType = file.mlmodel; path = PlantX3.mlmodel; sourceTree = "<group>"; };
		5C75059A293A8D1800569883 /* LaunchViewController.swift */ = {isa = PBXFileReference; lastKnownFileType = sourcecode.swift; path = LaunchViewController.swift; sourceTree = SOURCE_ROOT; };
		5C8FA2402937AC7E009CE9D7 /* PlantX.app */ = {isa = PBXFileReference; explicitFileType = wrapper.application; includeInIndex = 0; path = PlantX.app; sourceTree = BUILT_PRODUCTS_DIR; };
		5C8FA2432937AC7E009CE9D7 /* AppDelegate.swift */ = {isa = PBXFileReference; lastKnownFileType = sourcecode.swift; path = AppDelegate.swift; sourceTree = "<group>"; };
		5C8FA2452937AC7E009CE9D7 /* SceneDelegate.swift */ = {isa = PBXFileReference; lastKnownFileType = sourcecode.swift; path = SceneDelegate.swift; sourceTree = "<group>"; };
		5C8FA24A2937AC7E009CE9D7 /* Base */ = {isa = PBXFileReference; lastKnownFileType = file.storyboard; name = Base; path = Base.lproj/Main.storyboard; sourceTree = "<group>"; };
		5C8FA24D2937AC7E009CE9D7 /* PlantX.xcdatamodel */ = {isa = PBXFileReference; lastKnownFileType = wrapper.xcdatamodel; path = PlantX.xcdatamodel; sourceTree = "<group>"; };
		5C8FA24F2937AC7F009CE9D7 /* Assets.xcassets */ = {isa = PBXFileReference; lastKnownFileType = folder.assetcatalog; path = Assets.xcassets; sourceTree = "<group>"; };
		5C8FA2522937AC7F009CE9D7 /* Base */ = {isa = PBXFileReference; lastKnownFileType = file.storyboard; name = Base; path = Base.lproj/LaunchScreen.storyboard; sourceTree = "<group>"; };
		5C8FA2542937AC7F009CE9D7 /* Info.plist */ = {isa = PBXFileReference; lastKnownFileType = text.plist.xml; path = Info.plist; sourceTree = "<group>"; };
		5C8FA2592937AC80009CE9D7 /* PlantXTests.xctest */ = {isa = PBXFileReference; explicitFileType = wrapper.cfbundle; includeInIndex = 0; path = PlantXTests.xctest; sourceTree = BUILT_PRODUCTS_DIR; };
		5C8FA25D2937AC80009CE9D7 /* PlantXTests.swift */ = {isa = PBXFileReference; lastKnownFileType = sourcecode.swift; path = PlantXTests.swift; sourceTree = "<group>"; };
		5C8FA2632937AC80009CE9D7 /* PlantXUITests.xctest */ = {isa = PBXFileReference; explicitFileType = wrapper.cfbundle; includeInIndex = 0; path = PlantXUITests.xctest; sourceTree = BUILT_PRODUCTS_DIR; };
		5C8FA2672937AC80009CE9D7 /* PlantXUITests.swift */ = {isa = PBXFileReference; lastKnownFileType = sourcecode.swift; path = PlantXUITests.swift; sourceTree = "<group>"; };
		5C8FA2692937AC80009CE9D7 /* PlantXUITestsLaunchTests.swift */ = {isa = PBXFileReference; lastKnownFileType = sourcecode.swift; path = PlantXUITestsLaunchTests.swift; sourceTree = "<group>"; };
		5C9071FF296E286E000BC350 /* tr */ = {isa = PBXFileReference; lastKnownFileType = text.plist.strings; name = tr; path = tr.lproj/Main.strings; sourceTree = "<group>"; };
		5C907200296E286E000BC350 /* tr */ = {isa = PBXFileReference; lastKnownFileType = text.plist.strings; name = tr; path = tr.lproj/LaunchScreen.strings; sourceTree = "<group>"; };
		5CCE5C83293A5BEB006F0251 /* FindViewController.swift */ = {isa = PBXFileReference; lastKnownFileType = sourcecode.swift; path = FindViewController.swift; sourceTree = "<group>"; };
		5CCE5C85293A5C02006F0251 /* HistoryViewController.swift */ = {isa = PBXFileReference; lastKnownFileType = sourcecode.swift; name = HistoryViewController.swift; path = PlantX/ViewControllers/HistoryViewController.swift; sourceTree = SOURCE_ROOT; };
		5CCE5C87293A5C11006F0251 /* ResultViewController.swift */ = {isa = PBXFileReference; lastKnownFileType = sourcecode.swift; name = ResultViewController.swift; path = PlantX/ViewControllers/ResultViewController.swift; sourceTree = SOURCE_ROOT; };
		5CF8D53B295672340023C62E /* label.txt */ = {isa = PBXFileReference; fileEncoding = 4; lastKnownFileType = text; path = label.txt; sourceTree = "<group>"; };
/* End PBXFileReference section */

/* Begin PBXFrameworksBuildPhase section */
		5C8FA23D2937AC7E009CE9D7 /* Frameworks */ = {
			isa = PBXFrameworksBuildPhase;
			buildActionMask = 2147483647;
			files = (
				5C13F0392952825200981AC9 /* CoreLocation.framework in Frameworks */,
				5C6612072951CA9F003E0E1A /* WikipediaKit in Frameworks */,
			);
			runOnlyForDeploymentPostprocessing = 0;
		};
		5C8FA2562937AC80009CE9D7 /* Frameworks */ = {
			isa = PBXFrameworksBuildPhase;
			buildActionMask = 2147483647;
			files = (
			);
			runOnlyForDeploymentPostprocessing = 0;
		};
		5C8FA2602937AC80009CE9D7 /* Frameworks */ = {
			isa = PBXFrameworksBuildPhase;
			buildActionMask = 2147483647;
			files = (
			);
			runOnlyForDeploymentPostprocessing = 0;
		};
/* End PBXFrameworksBuildPhase section */

/* Begin PBXGroup section */
		5C13F0372952825200981AC9 /* Frameworks */ = {
			isa = PBXGroup;
			children = (
				5C13F0382952825200981AC9 /* CoreLocation.framework */,
			);
			name = Frameworks;
			sourceTree = "<group>";
		};
		5C1792F3296B531800C896D7 /* PhotoPicker */ = {
			isa = PBXGroup;
			children = (
				5C3D8B24294FA1C6009875BE /* FindViewController+CameraPicker.swift */,
				5C3D8B26294FA220009875BE /* FindViewController+PhotoPicker.swift */,
			);
			path = PhotoPicker;
			sourceTree = "<group>";
		};
		5C3019D0294F749700ED1472 /* ViewControllers */ = {
			isa = PBXGroup;
			children = (
				5CCE5C83293A5BEB006F0251 /* FindViewController.swift */,
				5C592F112937D04200D67289 /* MyPlantsViewController.swift */,
				5CCE5C87293A5C11006F0251 /* ResultViewController.swift */,
				5CCE5C85293A5C02006F0251 /* HistoryViewController.swift */,
				5C592F0F2937CF7100D67289 /* HomeViewController.swift */,
			);
			path = ViewControllers;
			sourceTree = "<group>";
		};
		5C3F8D26294FD317000BF25C /* Extensions */ = {
			isa = PBXGroup;
			children = (
				5C3F8D27294FD317000BF25C /* VNClassificationObservation+confidenceString.swift */,
				5C3F8D28294FD317000BF25C /* CGImagePropertyOrientation+UIImageOrientation.swift */,
				5C3F8D2B294FD48D000BF25C /* AIVision.swift */,
				5C3F8D24294FD29A000BF25C /* ImagePredictor.swift */,
			);
			path = Extensions;
			sourceTree = "<group>";
		};
		5C8FA2372937AC7E009CE9D7 = {
			isa = PBXGroup;
			children = (
				5C8FA2422937AC7E009CE9D7 /* PlantX */,
				5C8FA25C2937AC80009CE9D7 /* PlantXTests */,
				5C8FA2662937AC80009CE9D7 /* PlantXUITests */,
				5C8FA2412937AC7E009CE9D7 /* Products */,
				5C13F0372952825200981AC9 /* Frameworks */,
			);
			sourceTree = "<group>";
		};
		5C8FA2412937AC7E009CE9D7 /* Products */ = {
			isa = PBXGroup;
			children = (
				5C8FA2402937AC7E009CE9D7 /* PlantX.app */,
				5C8FA2592937AC80009CE9D7 /* PlantXTests.xctest */,
				5C8FA2632937AC80009CE9D7 /* PlantXUITests.xctest */,
			);
			name = Products;
			sourceTree = "<group>";
		};
		5C8FA2422937AC7E009CE9D7 /* PlantX */ = {
			isa = PBXGroup;
			children = (
				5CF8D534295668550023C62E /* Model */,
				5C1792F3296B531800C896D7 /* PhotoPicker */,
				5C3F8D26294FD317000BF25C /* Extensions */,
				5C3019D0294F749700ED1472 /* ViewControllers */,
				5C75059A293A8D1800569883 /* LaunchViewController.swift */,
				5C8FA2432937AC7E009CE9D7 /* AppDelegate.swift */,
				5C8FA2452937AC7E009CE9D7 /* SceneDelegate.swift */,
				5C8FA2492937AC7E009CE9D7 /* Main.storyboard */,
				5C8FA24F2937AC7F009CE9D7 /* Assets.xcassets */,
				5C8FA2512937AC7F009CE9D7 /* LaunchScreen.storyboard */,
				5C8FA2542937AC7F009CE9D7 /* Info.plist */,
				5C8FA24C2937AC7E009CE9D7 /* PlantX.xcdatamodeld */,
			);
			path = PlantX;
			sourceTree = "<group>";
		};
		5C8FA25C2937AC80009CE9D7 /* PlantXTests */ = {
			isa = PBXGroup;
			children = (
				5C8FA25D2937AC80009CE9D7 /* PlantXTests.swift */,
			);
			path = PlantXTests;
			sourceTree = "<group>";
		};
		5C8FA2662937AC80009CE9D7 /* PlantXUITests */ = {
			isa = PBXGroup;
			children = (
				5C8FA2672937AC80009CE9D7 /* PlantXUITests.swift */,
				5C8FA2692937AC80009CE9D7 /* PlantXUITestsLaunchTests.swift */,
			);
			path = PlantXUITests;
			sourceTree = "<group>";
		};
		5CF8D534295668550023C62E /* Model */ = {
			isa = PBXGroup;
			children = (
				5CF8D53B295672340023C62E /* label.txt */,
				5C5EA887295D19A6008829D7 /* PlantX3.mlmodel */,
			);
			path = Model;
			sourceTree = "<group>";
		};
/* End PBXGroup section */

/* Begin PBXNativeTarget section */
		5C8FA23F2937AC7E009CE9D7 /* PlantX */ = {
			isa = PBXNativeTarget;
			buildConfigurationList = 5C8FA26D2937AC80009CE9D7 /* Build configuration list for PBXNativeTarget "PlantX" */;
			buildPhases = (
				5C8FA23C2937AC7E009CE9D7 /* Sources */,
				5C8FA23D2937AC7E009CE9D7 /* Frameworks */,
				5C8FA23E2937AC7E009CE9D7 /* Resources */,
			);
			buildRules = (
			);
			dependencies = (
			);
			name = PlantX;
			packageProductDependencies = (
				5C6612062951CA9F003E0E1A /* WikipediaKit */,
			);
			productName = PlantX;
			productReference = 5C8FA2402937AC7E009CE9D7 /* PlantX.app */;
			productType = "com.apple.product-type.application";
		};
		5C8FA2582937AC80009CE9D7 /* PlantXTests */ = {
			isa = PBXNativeTarget;
			buildConfigurationList = 5C8FA2702937AC80009CE9D7 /* Build configuration list for PBXNativeTarget "PlantXTests" */;
			buildPhases = (
				5C8FA2552937AC80009CE9D7 /* Sources */,
				5C8FA2562937AC80009CE9D7 /* Frameworks */,
				5C8FA2572937AC80009CE9D7 /* Resources */,
			);
			buildRules = (
			);
			dependencies = (
				5C8FA25B2937AC80009CE9D7 /* PBXTargetDependency */,
			);
			name = PlantXTests;
			productName = PlantXTests;
			productReference = 5C8FA2592937AC80009CE9D7 /* PlantXTests.xctest */;
			productType = "com.apple.product-type.bundle.unit-test";
		};
		5C8FA2622937AC80009CE9D7 /* PlantXUITests */ = {
			isa = PBXNativeTarget;
			buildConfigurationList = 5C8FA2732937AC80009CE9D7 /* Build configuration list for PBXNativeTarget "PlantXUITests" */;
			buildPhases = (
				5C8FA25F2937AC80009CE9D7 /* Sources */,
				5C8FA2602937AC80009CE9D7 /* Frameworks */,
				5C8FA2612937AC80009CE9D7 /* Resources */,
			);
			buildRules = (
			);
			dependencies = (
				5C8FA2652937AC80009CE9D7 /* PBXTargetDependency */,
			);
			name = PlantXUITests;
			productName = PlantXUITests;
			productReference = 5C8FA2632937AC80009CE9D7 /* PlantXUITests.xctest */;
			productType = "com.apple.product-type.bundle.ui-testing";
		};
/* End PBXNativeTarget section */

/* Begin PBXProject section */
		5C8FA2382937AC7E009CE9D7 /* Project object */ = {
			isa = PBXProject;
			attributes = {
				BuildIndependentTargetsInParallel = 1;
				LastSwiftUpdateCheck = 1410;
				LastUpgradeCheck = 1410;
				TargetAttributes = {
					5C8FA23F2937AC7E009CE9D7 = {
						CreatedOnToolsVersion = 14.1;
					};
					5C8FA2582937AC80009CE9D7 = {
						CreatedOnToolsVersion = 14.1;
						TestTargetID = 5C8FA23F2937AC7E009CE9D7;
					};
					5C8FA2622937AC80009CE9D7 = {
						CreatedOnToolsVersion = 14.1;
						TestTargetID = 5C8FA23F2937AC7E009CE9D7;
					};
				};
			};
			buildConfigurationList = 5C8FA23B2937AC7E009CE9D7 /* Build configuration list for PBXProject "PlantX" */;
			compatibilityVersion = "Xcode 14.0";
			developmentRegion = en;
			hasScannedForEncodings = 0;
			knownRegions = (
				en,
				Base,
				tr,
			);
			mainGroup = 5C8FA2372937AC7E009CE9D7;
			packageReferences = (
				5C6612052951CA9F003E0E1A /* XCRemoteSwiftPackageReference "WikipediaKit" */,
			);
			productRefGroup = 5C8FA2412937AC7E009CE9D7 /* Products */;
			projectDirPath = "";
			projectRoot = "";
			targets = (
				5C8FA23F2937AC7E009CE9D7 /* PlantX */,
				5C8FA2582937AC80009CE9D7 /* PlantXTests */,
				5C8FA2622937AC80009CE9D7 /* PlantXUITests */,
			);
		};
/* End PBXProject section */

/* Begin PBXResourcesBuildPhase section */
		5C8FA23E2937AC7E009CE9D7 /* Resources */ = {
			isa = PBXResourcesBuildPhase;
			buildActionMask = 2147483647;
			files = (
				5C8FA2532937AC7F009CE9D7 /* LaunchScreen.storyboard in Resources */,
				5C8FA2502937AC7F009CE9D7 /* Assets.xcassets in Resources */,
				5C8FA24B2937AC7E009CE9D7 /* Main.storyboard in Resources */,
				5CF8D53C295672340023C62E /* label.txt in Resources */,
			);
			runOnlyForDeploymentPostprocessing = 0;
		};
		5C8FA2572937AC80009CE9D7 /* Resources */ = {
			isa = PBXResourcesBuildPhase;
			buildActionMask = 2147483647;
			files = (
			);
			runOnlyForDeploymentPostprocessing = 0;
		};
		5C8FA2612937AC80009CE9D7 /* Resources */ = {
			isa = PBXResourcesBuildPhase;
			buildActionMask = 2147483647;
			files = (
			);
			runOnlyForDeploymentPostprocessing = 0;
		};
/* End PBXResourcesBuildPhase section */

/* Begin PBXSourcesBuildPhase section */
		5C8FA23C2937AC7E009CE9D7 /* Sources */ = {
			isa = PBXSourcesBuildPhase;
			buildActionMask = 2147483647;
			files = (
				5C592F102937CF7100D67289 /* HomeViewController.swift in Sources */,
				5C8FA2442937AC7E009CE9D7 /* AppDelegate.swift in Sources */,
				5C3D8B27294FA220009875BE /* FindViewController+PhotoPicker.swift in Sources */,
				5C5EA888295D19A6008829D7 /* PlantX3.mlmodel in Sources */,
				5C3F8D29294FD317000BF25C /* VNClassificationObservation+confidenceString.swift in Sources */,
				5C3F8D2A294FD317000BF25C /* CGImagePropertyOrientation+UIImageOrientation.swift in Sources */,
				5C8FA24E2937AC7E009CE9D7 /* PlantX.xcdatamodeld in Sources */,
				5C3D8B25294FA1C6009875BE /* FindViewController+CameraPicker.swift in Sources */,
				5C592F122937D04200D67289 /* MyPlantsViewController.swift in Sources */,
				5C3F8D25294FD29B000BF25C /* ImagePredictor.swift in Sources */,
				5CCE5C84293A5BEB006F0251 /* FindViewController.swift in Sources */,
				5C8FA2462937AC7E009CE9D7 /* SceneDelegate.swift in Sources */,
				5C3F8D2C294FD48D000BF25C /* AIVision.swift in Sources */,
				5CCE5C86293A5C02006F0251 /* HistoryViewController.swift in Sources */,
				5C75059B293A8D1800569883 /* LaunchViewController.swift in Sources */,
				5CCE5C88293A5C11006F0251 /* ResultViewController.swift in Sources */,
			);
			runOnlyForDeploymentPostprocessing = 0;
		};
		5C8FA2552937AC80009CE9D7 /* Sources */ = {
			isa = PBXSourcesBuildPhase;
			buildActionMask = 2147483647;
			files = (
				5C8FA25E2937AC80009CE9D7 /* PlantXTests.swift in Sources */,
			);
			runOnlyForDeploymentPostprocessing = 0;
		};
		5C8FA25F2937AC80009CE9D7 /* Sources */ = {
			isa = PBXSourcesBuildPhase;
			buildActionMask = 2147483647;
			files = (
				5C8FA2682937AC80009CE9D7 /* PlantXUITests.swift in Sources */,
				5C8FA26A2937AC80009CE9D7 /* PlantXUITestsLaunchTests.swift in Sources */,
			);
			runOnlyForDeploymentPostprocessing = 0;
		};
/* End PBXSourcesBuildPhase section */

/* Begin PBXTargetDependency section */
		5C8FA25B2937AC80009CE9D7 /* PBXTargetDependency */ = {
			isa = PBXTargetDependency;
			target = 5C8FA23F2937AC7E009CE9D7 /* PlantX */;
			targetProxy = 5C8FA25A2937AC80009CE9D7 /* PBXContainerItemProxy */;
		};
		5C8FA2652937AC80009CE9D7 /* PBXTargetDependency */ = {
			isa = PBXTargetDependency;
			target = 5C8FA23F2937AC7E009CE9D7 /* PlantX */;
			targetProxy = 5C8FA2642937AC80009CE9D7 /* PBXContainerItemProxy */;
		};
/* End PBXTargetDependency section */

/* Begin PBXVariantGroup section */
		5C8FA2492937AC7E009CE9D7 /* Main.storyboard */ = {
			isa = PBXVariantGroup;
			children = (
				5C8FA24A2937AC7E009CE9D7 /* Base */,
				5C9071FF296E286E000BC350 /* tr */,
			);
			name = Main.storyboard;
			sourceTree = "<group>";
		};
		5C8FA2512937AC7F009CE9D7 /* LaunchScreen.storyboard */ = {
			isa = PBXVariantGroup;
			children = (
				5C8FA2522937AC7F009CE9D7 /* Base */,
				5C907200296E286E000BC350 /* tr */,
			);
			name = LaunchScreen.storyboard;
			sourceTree = "<group>";
		};
/* End PBXVariantGroup section */

/* Begin XCBuildConfiguration section */
		5C8FA26B2937AC80009CE9D7 /* Debug */ = {
			isa = XCBuildConfiguration;
			buildSettings = {
				ALWAYS_SEARCH_USER_PATHS = NO;
				CLANG_ANALYZER_LOCALIZABILITY_NONLOCALIZED = YES;
				CLANG_ANALYZER_NONNULL = YES;
				CLANG_ANALYZER_NUMBER_OBJECT_CONVERSION = YES_AGGRESSIVE;
				CLANG_CXX_LANGUAGE_STANDARD = "gnu++20";
				CLANG_ENABLE_MODULES = YES;
				CLANG_ENABLE_OBJC_ARC = YES;
				CLANG_ENABLE_OBJC_WEAK = YES;
				CLANG_WARN_BLOCK_CAPTURE_AUTORELEASING = YES;
				CLANG_WARN_BOOL_CONVERSION = YES;
				CLANG_WARN_COMMA = YES;
				CLANG_WARN_CONSTANT_CONVERSION = YES;
				CLANG_WARN_DEPRECATED_OBJC_IMPLEMENTATIONS = YES;
				CLANG_WARN_DIRECT_OBJC_ISA_USAGE = YES_ERROR;
				CLANG_WARN_DOCUMENTATION_COMMENTS = YES;
				CLANG_WARN_EMPTY_BODY = YES;
				CLANG_WARN_ENUM_CONVERSION = YES;
				CLANG_WARN_INFINITE_RECURSION = YES;
				CLANG_WARN_INT_CONVERSION = YES;
				CLANG_WARN_NON_LITERAL_NULL_CONVERSION = YES;
				CLANG_WARN_OBJC_IMPLICIT_RETAIN_SELF = YES;
				CLANG_WARN_OBJC_LITERAL_CONVERSION = YES;
				CLANG_WARN_OBJC_ROOT_CLASS = YES_ERROR;
				CLANG_WARN_QUOTED_INCLUDE_IN_FRAMEWORK_HEADER = YES;
				CLANG_WARN_RANGE_LOOP_ANALYSIS = YES;
				CLANG_WARN_STRICT_PROTOTYPES = YES;
				CLANG_WARN_SUSPICIOUS_MOVE = YES;
				CLANG_WARN_UNGUARDED_AVAILABILITY = YES_AGGRESSIVE;
				CLANG_WARN_UNREACHABLE_CODE = YES;
				CLANG_WARN__DUPLICATE_METHOD_MATCH = YES;
				COPY_PHASE_STRIP = NO;
				DEBUG_INFORMATION_FORMAT = dwarf;
				ENABLE_STRICT_OBJC_MSGSEND = YES;
				ENABLE_TESTABILITY = YES;
				GCC_C_LANGUAGE_STANDARD = gnu11;
				GCC_DYNAMIC_NO_PIC = NO;
				GCC_NO_COMMON_BLOCKS = YES;
				GCC_OPTIMIZATION_LEVEL = 0;
				GCC_PREPROCESSOR_DEFINITIONS = (
					"DEBUG=1",
					"$(inherited)",
				);
				GCC_WARN_64_TO_32_BIT_CONVERSION = YES;
				GCC_WARN_ABOUT_RETURN_TYPE = YES_ERROR;
				GCC_WARN_UNDECLARED_SELECTOR = YES;
				GCC_WARN_UNINITIALIZED_AUTOS = YES_AGGRESSIVE;
				GCC_WARN_UNUSED_FUNCTION = YES;
				GCC_WARN_UNUSED_VARIABLE = YES;
				IPHONEOS_DEPLOYMENT_TARGET = 16.0;
				MTL_ENABLE_DEBUG_INFO = INCLUDE_SOURCE;
				MTL_FAST_MATH = YES;
				ONLY_ACTIVE_ARCH = YES;
				SDKROOT = iphoneos;
				SWIFT_ACTIVE_COMPILATION_CONDITIONS = DEBUG;
				SWIFT_OPTIMIZATION_LEVEL = "-Onone";
			};
			name = Debug;
		};
		5C8FA26C2937AC80009CE9D7 /* Release */ = {
			isa = XCBuildConfiguration;
			buildSettings = {
				ALWAYS_SEARCH_USER_PATHS = NO;
				CLANG_ANALYZER_LOCALIZABILITY_NONLOCALIZED = YES;
				CLANG_ANALYZER_NONNULL = YES;
				CLANG_ANALYZER_NUMBER_OBJECT_CONVERSION = YES_AGGRESSIVE;
				CLANG_CXX_LANGUAGE_STANDARD = "gnu++20";
				CLANG_ENABLE_MODULES = YES;
				CLANG_ENABLE_OBJC_ARC = YES;
				CLANG_ENABLE_OBJC_WEAK = YES;
				CLANG_WARN_BLOCK_CAPTURE_AUTORELEASING = YES;
				CLANG_WARN_BOOL_CONVERSION = YES;
				CLANG_WARN_COMMA = YES;
				CLANG_WARN_CONSTANT_CONVERSION = YES;
				CLANG_WARN_DEPRECATED_OBJC_IMPLEMENTATIONS = YES;
				CLANG_WARN_DIRECT_OBJC_ISA_USAGE = YES_ERROR;
				CLANG_WARN_DOCUMENTATION_COMMENTS = YES;
				CLANG_WARN_EMPTY_BODY = YES;
				CLANG_WARN_ENUM_CONVERSION = YES;
				CLANG_WARN_INFINITE_RECURSION = YES;
				CLANG_WARN_INT_CONVERSION = YES;
				CLANG_WARN_NON_LITERAL_NULL_CONVERSION = YES;
				CLANG_WARN_OBJC_IMPLICIT_RETAIN_SELF = YES;
				CLANG_WARN_OBJC_LITERAL_CONVERSION = YES;
				CLANG_WARN_OBJC_ROOT_CLASS = YES_ERROR;
				CLANG_WARN_QUOTED_INCLUDE_IN_FRAMEWORK_HEADER = YES;
				CLANG_WARN_RANGE_LOOP_ANALYSIS = YES;
				CLANG_WARN_STRICT_PROTOTYPES = YES;
				CLANG_WARN_SUSPICIOUS_MOVE = YES;
				CLANG_WARN_UNGUARDED_AVAILABILITY = YES_AGGRESSIVE;
				CLANG_WARN_UNREACHABLE_CODE = YES;
				CLANG_WARN__DUPLICATE_METHOD_MATCH = YES;
				COPY_PHASE_STRIP = NO;
				DEBUG_INFORMATION_FORMAT = "dwarf-with-dsym";
				ENABLE_NS_ASSERTIONS = NO;
				ENABLE_STRICT_OBJC_MSGSEND = YES;
				GCC_C_LANGUAGE_STANDARD = gnu11;
				GCC_NO_COMMON_BLOCKS = YES;
				GCC_WARN_64_TO_32_BIT_CONVERSION = YES;
				GCC_WARN_ABOUT_RETURN_TYPE = YES_ERROR;
				GCC_WARN_UNDECLARED_SELECTOR = YES;
				GCC_WARN_UNINITIALIZED_AUTOS = YES_AGGRESSIVE;
				GCC_WARN_UNUSED_FUNCTION = YES;
				GCC_WARN_UNUSED_VARIABLE = YES;
				IPHONEOS_DEPLOYMENT_TARGET = 16.0;
				MTL_ENABLE_DEBUG_INFO = NO;
				MTL_FAST_MATH = YES;
				SDKROOT = iphoneos;
				SWIFT_COMPILATION_MODE = wholemodule;
				SWIFT_OPTIMIZATION_LEVEL = "-O";
				VALIDATE_PRODUCT = YES;
			};
			name = Release;
		};
		5C8FA26E2937AC80009CE9D7 /* Debug */ = {
			isa = XCBuildConfiguration;
			buildSettings = {
				ASSETCATALOG_COMPILER_APPICON_NAME = AppIcon;
				"ASSETCATALOG_COMPILER_APPICON_NAME[sdk=iphoneos*]" = AppIcon;
				ASSETCATALOG_COMPILER_GLOBAL_ACCENT_COLOR_NAME = AccentColor;
				ASSETCATALOG_COMPILER_INCLUDE_ALL_APPICON_ASSETS = NO;
				CODE_SIGN_IDENTITY = "Apple Development";
				CODE_SIGN_STYLE = Automatic;
				CURRENT_PROJECT_VERSION = 1;
				DEVELOPMENT_TEAM = 9RVC283PBZ;
				GENERATE_INFOPLIST_FILE = YES;
				INFOPLIST_FILE = PlantX/Info.plist;
				INFOPLIST_KEY_NSLocationAlwaysAndWhenInUseUsageDescription = "App needs location access for weather information";
				INFOPLIST_KEY_NSLocationWhenInUseUsageDescription = "App needs location access for weather information";
				INFOPLIST_KEY_UIApplicationSupportsIndirectInputEvents = YES;
				INFOPLIST_KEY_UILaunchStoryboardName = LaunchScreen;
				INFOPLIST_KEY_UIMainStoryboardFile = Main;
				INFOPLIST_KEY_UIRequiresFullScreen = YES;
				INFOPLIST_KEY_UISupportedInterfaceOrientations = UIInterfaceOrientationPortrait;
				IPHONEOS_DEPLOYMENT_TARGET = 16.0;
				LD_RUNPATH_SEARCH_PATHS = (
					"$(inherited)",
					"@executable_path/Frameworks",
				);
				MARKETING_VERSION = 1.0;
				PRODUCT_BUNDLE_IDENTIFIER = RaSoft.PlantX;
				PRODUCT_NAME = "$(TARGET_NAME)";
				PROVISIONING_PROFILE_SPECIFIER = "";
				SUPPORTED_PLATFORMS = "iphoneos iphonesimulator";
				SUPPORTS_MACCATALYST = NO;
				SUPPORTS_MAC_DESIGNED_FOR_IPHONE_IPAD = NO;
				SWIFT_EMIT_LOC_STRINGS = YES;
				SWIFT_VERSION = 5.0;
				TARGETED_DEVICE_FAMILY = "1,2";
			};
			name = Debug;
		};
		5C8FA26F2937AC80009CE9D7 /* Release */ = {
			isa = XCBuildConfiguration;
			buildSettings = {
				ASSETCATALOG_COMPILER_APPICON_NAME = AppIcon;
				"ASSETCATALOG_COMPILER_APPICON_NAME[sdk=iphoneos*]" = AppIcon;
				ASSETCATALOG_COMPILER_GLOBAL_ACCENT_COLOR_NAME = AccentColor;
				ASSETCATALOG_COMPILER_INCLUDE_ALL_APPICON_ASSETS = NO;
				CODE_SIGN_IDENTITY = "Apple Development";
				CODE_SIGN_STYLE = Automatic;
				CURRENT_PROJECT_VERSION = 1;
				DEVELOPMENT_TEAM = 9RVC283PBZ;
				GENERATE_INFOPLIST_FILE = YES;
				INFOPLIST_FILE = PlantX/Info.plist;
				INFOPLIST_KEY_NSLocationAlwaysAndWhenInUseUsageDescription = "App needs location access for weather information";
				INFOPLIST_KEY_NSLocationWhenInUseUsageDescription = "App needs location access for weather information";
				INFOPLIST_KEY_UIApplicationSupportsIndirectInputEvents = YES;
				INFOPLIST_KEY_UILaunchStoryboardName = LaunchScreen;
				INFOPLIST_KEY_UIMainStoryboardFile = Main;
				INFOPLIST_KEY_UIRequiresFullScreen = YES;
				INFOPLIST_KEY_UISupportedInterfaceOrientations = UIInterfaceOrientationPortrait;
				IPHONEOS_DEPLOYMENT_TARGET = 16.0;
				LD_RUNPATH_SEARCH_PATHS = (
					"$(inherited)",
					"@executable_path/Frameworks",
				);
				MARKETING_VERSION = 1.0;
				PRODUCT_BUNDLE_IDENTIFIER = RaSoft.PlantX;
				PRODUCT_NAME = "$(TARGET_NAME)";
				PROVISIONING_PROFILE_SPECIFIER = "";
				SUPPORTED_PLATFORMS = "iphoneos iphonesimulator";
				SUPPORTS_MACCATALYST = NO;
				SUPPORTS_MAC_DESIGNED_FOR_IPHONE_IPAD = NO;
				SWIFT_EMIT_LOC_STRINGS = YES;
				SWIFT_VERSION = 5.0;
				TARGETED_DEVICE_FAMILY = "1,2";
			};
			name = Release;
		};
		5C8FA2712937AC80009CE9D7 /* Debug */ = {
			isa = XCBuildConfiguration;
			buildSettings = {
				ALWAYS_EMBED_SWIFT_STANDARD_LIBRARIES = YES;
				BUNDLE_LOADER = "$(TEST_HOST)";
				CODE_SIGN_STYLE = Automatic;
				CURRENT_PROJECT_VERSION = 1;
				DEVELOPMENT_TEAM = 9RVC283PBZ;
				GENERATE_INFOPLIST_FILE = YES;
				IPHONEOS_DEPLOYMENT_TARGET = 16.0;
				MARKETING_VERSION = 1.0;
				PRODUCT_BUNDLE_IDENTIFIER = RaSoft.PlantXTests;
				PRODUCT_NAME = "$(TARGET_NAME)";
				SWIFT_EMIT_LOC_STRINGS = NO;
				SWIFT_VERSION = 5.0;
				TARGETED_DEVICE_FAMILY = "1,2";
				TEST_HOST = "$(BUILT_PRODUCTS_DIR)/PlantX.app/$(BUNDLE_EXECUTABLE_FOLDER_PATH)/PlantX";
			};
			name = Debug;
		};
		5C8FA2722937AC80009CE9D7 /* Release */ = {
			isa = XCBuildConfiguration;
			buildSettings = {
				ALWAYS_EMBED_SWIFT_STANDARD_LIBRARIES = YES;
				BUNDLE_LOADER = "$(TEST_HOST)";
				CODE_SIGN_STYLE = Automatic;
				CURRENT_PROJECT_VERSION = 1;
				DEVELOPMENT_TEAM = 9RVC283PBZ;
				GENERATE_INFOPLIST_FILE = YES;
				IPHONEOS_DEPLOYMENT_TARGET = 16.0;
				MARKETING_VERSION = 1.0;
				PRODUCT_BUNDLE_IDENTIFIER = RaSoft.PlantXTests;
				PRODUCT_NAME = "$(TARGET_NAME)";
				SWIFT_EMIT_LOC_STRINGS = NO;
				SWIFT_VERSION = 5.0;
				TARGETED_DEVICE_FAMILY = "1,2";
				TEST_HOST = "$(BUILT_PRODUCTS_DIR)/PlantX.app/$(BUNDLE_EXECUTABLE_FOLDER_PATH)/PlantX";
			};
			name = Release;
		};
		5C8FA2742937AC80009CE9D7 /* Debug */ = {
			isa = XCBuildConfiguration;
			buildSettings = {
				ALWAYS_EMBED_SWIFT_STANDARD_LIBRARIES = YES;
				CODE_SIGN_STYLE = Automatic;
				CURRENT_PROJECT_VERSION = 1;
				DEVELOPMENT_TEAM = 9RVC283PBZ;
				GENERATE_INFOPLIST_FILE = YES;
				IPHONEOS_DEPLOYMENT_TARGET = 16.0;
				MARKETING_VERSION = 1.0;
				PRODUCT_BUNDLE_IDENTIFIER = RaSoft.PlantXUITests;
				PRODUCT_NAME = "$(TARGET_NAME)";
				SWIFT_EMIT_LOC_STRINGS = NO;
				SWIFT_VERSION = 5.0;
				TARGETED_DEVICE_FAMILY = "1,2";
				TEST_TARGET_NAME = PlantX;
			};
			name = Debug;
		};
		5C8FA2752937AC80009CE9D7 /* Release */ = {
			isa = XCBuildConfiguration;
			buildSettings = {
				ALWAYS_EMBED_SWIFT_STANDARD_LIBRARIES = YES;
				CODE_SIGN_STYLE = Automatic;
				CURRENT_PROJECT_VERSION = 1;
				DEVELOPMENT_TEAM = 9RVC283PBZ;
				GENERATE_INFOPLIST_FILE = YES;
				IPHONEOS_DEPLOYMENT_TARGET = 16.0;
				MARKETING_VERSION = 1.0;
				PRODUCT_BUNDLE_IDENTIFIER = RaSoft.PlantXUITests;
				PRODUCT_NAME = "$(TARGET_NAME)";
				SWIFT_EMIT_LOC_STRINGS = NO;
				SWIFT_VERSION = 5.0;
				TARGETED_DEVICE_FAMILY = "1,2";
				TEST_TARGET_NAME = PlantX;
			};
			name = Release;
		};
/* End XCBuildConfiguration section */

/* Begin XCConfigurationList section */
		5C8FA23B2937AC7E009CE9D7 /* Build configuration list for PBXProject "PlantX" */ = {
			isa = XCConfigurationList;
			buildConfigurations = (
				5C8FA26B2937AC80009CE9D7 /* Debug */,
				5C8FA26C2937AC80009CE9D7 /* Release */,
			);
			defaultConfigurationIsVisible = 0;
			defaultConfigurationName = Release;
		};
		5C8FA26D2937AC80009CE9D7 /* Build configuration list for PBXNativeTarget "PlantX" */ = {
			isa = XCConfigurationList;
			buildConfigurations = (
				5C8FA26E2937AC80009CE9D7 /* Debug */,
				5C8FA26F2937AC80009CE9D7 /* Release */,
			);
			defaultConfigurationIsVisible = 0;
			defaultConfigurationName = Release;
		};
		5C8FA2702937AC80009CE9D7 /* Build configuration list for PBXNativeTarget "PlantXTests" */ = {
			isa = XCConfigurationList;
			buildConfigurations = (
				5C8FA2712937AC80009CE9D7 /* Debug */,
				5C8FA2722937AC80009CE9D7 /* Release */,
			);
			defaultConfigurationIsVisible = 0;
			defaultConfigurationName = Release;
		};
		5C8FA2732937AC80009CE9D7 /* Build configuration list for PBXNativeTarget "PlantXUITests" */ = {
			isa = XCConfigurationList;
			buildConfigurations = (
				5C8FA2742937AC80009CE9D7 /* Debug */,
				5C8FA2752937AC80009CE9D7 /* Release */,
			);
			defaultConfigurationIsVisible = 0;
			defaultConfigurationName = Release;
		};
/* End XCConfigurationList section */

/* Begin XCRemoteSwiftPackageReference section */
		5C6612052951CA9F003E0E1A /* XCRemoteSwiftPackageReference "WikipediaKit" */ = {
			isa = XCRemoteSwiftPackageReference;
			repositoryURL = "https://github.com/Raureif/WikipediaKit";
			requirement = {
				kind = upToNextMajorVersion;
				minimumVersion = 3.0.0;
			};
		};
/* End XCRemoteSwiftPackageReference section */

/* Begin XCSwiftPackageProductDependency section */
		5C6612062951CA9F003E0E1A /* WikipediaKit */ = {
			isa = XCSwiftPackageProductDependency;
			package = 5C6612052951CA9F003E0E1A /* XCRemoteSwiftPackageReference "WikipediaKit" */;
			productName = WikipediaKit;
		};
/* End XCSwiftPackageProductDependency section */

/* Begin XCVersionGroup section */
		5C8FA24C2937AC7E009CE9D7 /* PlantX.xcdatamodeld */ = {
			isa = XCVersionGroup;
			children = (
				5C8FA24D2937AC7E009CE9D7 /* PlantX.xcdatamodel */,
			);
			currentVersion = 5C8FA24D2937AC7E009CE9D7 /* PlantX.xcdatamodel */;
			path = PlantX.xcdatamodeld;
			sourceTree = "<group>";
			versionGroupType = wrapper.xcdatamodel;
		};
/* End XCVersionGroup section */
	};
	rootObject = 5C8FA2382937AC7E009CE9D7 /* Project object */;
}
