// !$*UTF8*$!
{
	archiveVersion = 1;
	classes = {
	};
	objectVersion = 56;
	objects = {

/* Begin PBXBuildFile section */
		5C301976294F6F7A00ED1472 /* GardenHeaderCollectionReusableView.swift in Sources */ = {isa = PBXBuildFile; fileRef = 5C30196C294F6F7A00ED1472 /* GardenHeaderCollectionReusableView.swift */; };
		5C301977294F6F7A00ED1472 /* GardenHeaderCollectionReusableViewViewModel.swift in Sources */ = {isa = PBXBuildFile; fileRef = 5C30196D294F6F7A00ED1472 /* GardenHeaderCollectionReusableViewViewModel.swift */; };
		5C301978294F6F7A00ED1472 /* GardenHeaderCollectionReusableView.xib in Resources */ = {isa = PBXBuildFile; fileRef = 5C30196E294F6F7A00ED1472 /* GardenHeaderCollectionReusableView.xib */; };
		5C301979294F6F7A00ED1472 /* PlantDetailsCollectionViewCell.swift in Sources */ = {isa = PBXBuildFile; fileRef = 5C301970294F6F7A00ED1472 /* PlantDetailsCollectionViewCell.swift */; };
		5C30197A294F6F7A00ED1472 /* PlantDetailsCollectionViewCell.xib in Resources */ = {isa = PBXBuildFile; fileRef = 5C301971294F6F7A00ED1472 /* PlantDetailsCollectionViewCell.xib */; };
		5C30197B294F6F7A00ED1472 /* PlantDetailsCollectionViewCellViewModel.swift in Sources */ = {isa = PBXBuildFile; fileRef = 5C301972294F6F7A00ED1472 /* PlantDetailsCollectionViewCellViewModel.swift */; };
		5C30197C294F6F7A00ED1472 /* GardenViewController.swift in Sources */ = {isa = PBXBuildFile; fileRef = 5C301973294F6F7A00ED1472 /* GardenViewController.swift */; };
		5C30197D294F6F7A00ED1472 /* GardenViewController.xib in Resources */ = {isa = PBXBuildFile; fileRef = 5C301974294F6F7A00ED1472 /* GardenViewController.xib */; };
		5C30197E294F6F7A00ED1472 /* GardenViewModel.swift in Sources */ = {isa = PBXBuildFile; fileRef = 5C301975294F6F7A00ED1472 /* GardenViewModel.swift */; };
		5C301980294F716200ED1472 /* TabBarViewController.swift in Sources */ = {isa = PBXBuildFile; fileRef = 5C30197F294F716200ED1472 /* TabBarViewController.swift */; };
		5C301985294F717B00ED1472 /* LoadingViewController.xib in Resources */ = {isa = PBXBuildFile; fileRef = 5C301982294F717B00ED1472 /* LoadingViewController.xib */; };
		5C301986294F717B00ED1472 /* LoadingViewModel.swift in Sources */ = {isa = PBXBuildFile; fileRef = 5C301983294F717B00ED1472 /* LoadingViewModel.swift */; };
		5C301987294F717B00ED1472 /* LoadingViewController.swift in Sources */ = {isa = PBXBuildFile; fileRef = 5C301984294F717B00ED1472 /* LoadingViewController.swift */; };
		5C30198C294F719000ED1472 /* AddPlantViewModel.swift in Sources */ = {isa = PBXBuildFile; fileRef = 5C301989294F719000ED1472 /* AddPlantViewModel.swift */; };
		5C30198D294F719000ED1472 /* AddPlantViewController.swift in Sources */ = {isa = PBXBuildFile; fileRef = 5C30198A294F719000ED1472 /* AddPlantViewController.swift */; };
		5C30198E294F719000ED1472 /* AddPlantViewController.xib in Resources */ = {isa = PBXBuildFile; fileRef = 5C30198B294F719000ED1472 /* AddPlantViewController.xib */; };
		5C301993294F719D00ED1472 /* PlantDetailsViewModel.swift in Sources */ = {isa = PBXBuildFile; fileRef = 5C301990294F719D00ED1472 /* PlantDetailsViewModel.swift */; };
		5C301994294F719D00ED1472 /* PlantDetailsViewController.xib in Resources */ = {isa = PBXBuildFile; fileRef = 5C301991294F719D00ED1472 /* PlantDetailsViewController.xib */; };
		5C301995294F719D00ED1472 /* PlantDetailsViewController.swift in Sources */ = {isa = PBXBuildFile; fileRef = 5C301992294F719D00ED1472 /* PlantDetailsViewController.swift */; };
		5C3019B5294F736E00ED1472 /* SeparatorView.swift in Sources */ = {isa = PBXBuildFile; fileRef = 5C301998294F736E00ED1472 /* SeparatorView.swift */; };
		5C3019B6294F736E00ED1472 /* SeparatorView.xib in Resources */ = {isa = PBXBuildFile; fileRef = 5C301999294F736E00ED1472 /* SeparatorView.xib */; };
		5C3019B7294F736E00ED1472 /* ButtonView.xib in Resources */ = {isa = PBXBuildFile; fileRef = 5C30199B294F736E00ED1472 /* ButtonView.xib */; };
		5C3019B8294F736E00ED1472 /* ButtonViewViewModel.swift in Sources */ = {isa = PBXBuildFile; fileRef = 5C30199C294F736E00ED1472 /* ButtonViewViewModel.swift */; };
		5C3019B9294F736E00ED1472 /* ButtonView.swift in Sources */ = {isa = PBXBuildFile; fileRef = 5C30199D294F736E00ED1472 /* ButtonView.swift */; };
		5C3019BA294F736E00ED1472 /* CustomTabBarView.xib in Resources */ = {isa = PBXBuildFile; fileRef = 5C30199F294F736E00ED1472 /* CustomTabBarView.xib */; };
		5C3019BB294F736E00ED1472 /* CustomTabBarView.swift in Sources */ = {isa = PBXBuildFile; fileRef = 5C3019A0294F736E00ED1472 /* CustomTabBarView.swift */; };
		5C3019BC294F736E00ED1472 /* TextFieldView.swift in Sources */ = {isa = PBXBuildFile; fileRef = 5C3019A2294F736E00ED1472 /* TextFieldView.swift */; };
		5C3019BD294F736E00ED1472 /* TextFieldView.xib in Resources */ = {isa = PBXBuildFile; fileRef = 5C3019A3294F736E00ED1472 /* TextFieldView.xib */; };
		5C3019BE294F736E00ED1472 /* TextFieldViewViewModel.swift in Sources */ = {isa = PBXBuildFile; fileRef = 5C3019A4294F736E00ED1472 /* TextFieldViewViewModel.swift */; };
		5C3019BF294F736E00ED1472 /* QuickActionsViewViewModel.swift in Sources */ = {isa = PBXBuildFile; fileRef = 5C3019A6294F736E00ED1472 /* QuickActionsViewViewModel.swift */; };
		5C3019C0294F736E00ED1472 /* QuickActionsView.swift in Sources */ = {isa = PBXBuildFile; fileRef = 5C3019A7294F736E00ED1472 /* QuickActionsView.swift */; };
		5C3019C1294F736E00ED1472 /* QuickActionsView.xib in Resources */ = {isa = PBXBuildFile; fileRef = 5C3019A8294F736E00ED1472 /* QuickActionsView.xib */; };
		5C3019C2294F736E00ED1472 /* TextViewViewViewModel.swift in Sources */ = {isa = PBXBuildFile; fileRef = 5C3019AA294F736E00ED1472 /* TextViewViewViewModel.swift */; };
		5C3019C3294F736E00ED1472 /* TextViewView.swift in Sources */ = {isa = PBXBuildFile; fileRef = 5C3019AB294F736E00ED1472 /* TextViewView.swift */; };
		5C3019C4294F736E00ED1472 /* TextViewView.xib in Resources */ = {isa = PBXBuildFile; fileRef = 5C3019AC294F736E00ED1472 /* TextViewView.xib */; };
		5C3019C5294F736E00ED1472 /* LabelViewViewModel.swift in Sources */ = {isa = PBXBuildFile; fileRef = 5C3019AE294F736E00ED1472 /* LabelViewViewModel.swift */; };
		5C3019C6294F736E00ED1472 /* LabelView.xib in Resources */ = {isa = PBXBuildFile; fileRef = 5C3019AF294F736E00ED1472 /* LabelView.xib */; };
		5C3019C7294F736E00ED1472 /* LabelView.swift in Sources */ = {isa = PBXBuildFile; fileRef = 5C3019B0294F736E00ED1472 /* LabelView.swift */; };
		5C3019C8294F736E00ED1472 /* DatePickerViewViewModel.swift in Sources */ = {isa = PBXBuildFile; fileRef = 5C3019B2294F736E00ED1472 /* DatePickerViewViewModel.swift */; };
		5C3019C9294F736E00ED1472 /* DatePickerView.swift in Sources */ = {isa = PBXBuildFile; fileRef = 5C3019B3294F736E00ED1472 /* DatePickerView.swift */; };
		5C3019CA294F736E00ED1472 /* DatePickerView.xib in Resources */ = {isa = PBXBuildFile; fileRef = 5C3019B4294F736E00ED1472 /* DatePickerView.xib */; };
		5C592F102937CF7100D67289 /* HomeViewController.swift in Sources */ = {isa = PBXBuildFile; fileRef = 5C592F0F2937CF7100D67289 /* HomeViewController.swift */; };
		5C592F122937D04200D67289 /* MyPlantsViewController.swift in Sources */ = {isa = PBXBuildFile; fileRef = 5C592F112937D04200D67289 /* MyPlantsViewController.swift */; };
		5C75059B293A8D1800569883 /* LaunchViewController.swift in Sources */ = {isa = PBXBuildFile; fileRef = 5C75059A293A8D1800569883 /* LaunchViewController.swift */; };
		5C8FA2442937AC7E009CE9D7 /* AppDelegate.swift in Sources */ = {isa = PBXBuildFile; fileRef = 5C8FA2432937AC7E009CE9D7 /* AppDelegate.swift */; };
		5C8FA2462937AC7E009CE9D7 /* SceneDelegate.swift in Sources */ = {isa = PBXBuildFile; fileRef = 5C8FA2452937AC7E009CE9D7 /* SceneDelegate.swift */; };
		5C8FA24B2937AC7E009CE9D7 /* Main.storyboard in Resources */ = {isa = PBXBuildFile; fileRef = 5C8FA2492937AC7E009CE9D7 /* Main.storyboard */; };
		5C8FA24E2937AC7E009CE9D7 /* PlantX.xcdatamodeld in Sources */ = {isa = PBXBuildFile; fileRef = 5C8FA24C2937AC7E009CE9D7 /* PlantX.xcdatamodeld */; };
		5C8FA2502937AC7F009CE9D7 /* Assets.xcassets in Resources */ = {isa = PBXBuildFile; fileRef = 5C8FA24F2937AC7F009CE9D7 /* Assets.xcassets */; };
		5C8FA2532937AC7F009CE9D7 /* LaunchScreen.storyboard in Resources */ = {isa = PBXBuildFile; fileRef = 5C8FA2512937AC7F009CE9D7 /* LaunchScreen.storyboard */; };
		5C8FA25E2937AC80009CE9D7 /* PlantXTests.swift in Sources */ = {isa = PBXBuildFile; fileRef = 5C8FA25D2937AC80009CE9D7 /* PlantXTests.swift */; };
		5C8FA2682937AC80009CE9D7 /* PlantXUITests.swift in Sources */ = {isa = PBXBuildFile; fileRef = 5C8FA2672937AC80009CE9D7 /* PlantXUITests.swift */; };
		5C8FA26A2937AC80009CE9D7 /* PlantXUITestsLaunchTests.swift in Sources */ = {isa = PBXBuildFile; fileRef = 5C8FA2692937AC80009CE9D7 /* PlantXUITestsLaunchTests.swift */; };
		5CCE5C84293A5BEB006F0251 /* FindViewController.swift in Sources */ = {isa = PBXBuildFile; fileRef = 5CCE5C83293A5BEB006F0251 /* FindViewController.swift */; };
		5CCE5C86293A5C02006F0251 /* HistoryViewController.swift in Sources */ = {isa = PBXBuildFile; fileRef = 5CCE5C85293A5C02006F0251 /* HistoryViewController.swift */; };
		5CCE5C88293A5C11006F0251 /* ResultViewController.swift in Sources */ = {isa = PBXBuildFile; fileRef = 5CCE5C87293A5C11006F0251 /* ResultViewController.swift */; };
/* End PBXBuildFile section */

/* Begin PBXContainerItemProxy section */
		5C8FA25A2937AC80009CE9D7 /* PBXContainerItemProxy */ = {
			isa = PBXContainerItemProxy;
			containerPortal = 5C8FA2382937AC7E009CE9D7 /* Project object */;
			proxyType = 1;
			remoteGlobalIDString = 5C8FA23F2937AC7E009CE9D7;
			remoteInfo = PlantX;
		};
		5C8FA2642937AC80009CE9D7 /* PBXContainerItemProxy */ = {
			isa = PBXContainerItemProxy;
			containerPortal = 5C8FA2382937AC7E009CE9D7 /* Project object */;
			proxyType = 1;
			remoteGlobalIDString = 5C8FA23F2937AC7E009CE9D7;
			remoteInfo = PlantX;
		};
/* End PBXContainerItemProxy section */

/* Begin PBXFileReference section */
		5C30196C294F6F7A00ED1472 /* GardenHeaderCollectionReusableView.swift */ = {isa = PBXFileReference; fileEncoding = 4; lastKnownFileType = sourcecode.swift; path = GardenHeaderCollectionReusableView.swift; sourceTree = "<group>"; };
		5C30196D294F6F7A00ED1472 /* GardenHeaderCollectionReusableViewViewModel.swift */ = {isa = PBXFileReference; fileEncoding = 4; lastKnownFileType = sourcecode.swift; path = GardenHeaderCollectionReusableViewViewModel.swift; sourceTree = "<group>"; };
		5C30196E294F6F7A00ED1472 /* GardenHeaderCollectionReusableView.xib */ = {isa = PBXFileReference; fileEncoding = 4; lastKnownFileType = file.xib; path = GardenHeaderCollectionReusableView.xib; sourceTree = "<group>"; };
		5C301970294F6F7A00ED1472 /* PlantDetailsCollectionViewCell.swift */ = {isa = PBXFileReference; fileEncoding = 4; lastKnownFileType = sourcecode.swift; path = PlantDetailsCollectionViewCell.swift; sourceTree = "<group>"; };
		5C301971294F6F7A00ED1472 /* PlantDetailsCollectionViewCell.xib */ = {isa = PBXFileReference; fileEncoding = 4; lastKnownFileType = file.xib; path = PlantDetailsCollectionViewCell.xib; sourceTree = "<group>"; };
		5C301972294F6F7A00ED1472 /* PlantDetailsCollectionViewCellViewModel.swift */ = {isa = PBXFileReference; fileEncoding = 4; lastKnownFileType = sourcecode.swift; path = PlantDetailsCollectionViewCellViewModel.swift; sourceTree = "<group>"; };
		5C301973294F6F7A00ED1472 /* GardenViewController.swift */ = {isa = PBXFileReference; fileEncoding = 4; lastKnownFileType = sourcecode.swift; path = GardenViewController.swift; sourceTree = "<group>"; };
		5C301974294F6F7A00ED1472 /* GardenViewController.xib */ = {isa = PBXFileReference; fileEncoding = 4; lastKnownFileType = file.xib; path = GardenViewController.xib; sourceTree = "<group>"; };
		5C301975294F6F7A00ED1472 /* GardenViewModel.swift */ = {isa = PBXFileReference; fileEncoding = 4; lastKnownFileType = sourcecode.swift; path = GardenViewModel.swift; sourceTree = "<group>"; };
		5C30197F294F716200ED1472 /* TabBarViewController.swift */ = {isa = PBXFileReference; fileEncoding = 4; lastKnownFileType = sourcecode.swift; path = TabBarViewController.swift; sourceTree = "<group>"; };
		5C301982294F717B00ED1472 /* LoadingViewController.xib */ = {isa = PBXFileReference; fileEncoding = 4; lastKnownFileType = file.xib; path = LoadingViewController.xib; sourceTree = "<group>"; };
		5C301983294F717B00ED1472 /* LoadingViewModel.swift */ = {isa = PBXFileReference; fileEncoding = 4; lastKnownFileType = sourcecode.swift; path = LoadingViewModel.swift; sourceTree = "<group>"; };
		5C301984294F717B00ED1472 /* LoadingViewController.swift */ = {isa = PBXFileReference; fileEncoding = 4; lastKnownFileType = sourcecode.swift; path = LoadingViewController.swift; sourceTree = "<group>"; };
		5C301989294F719000ED1472 /* AddPlantViewModel.swift */ = {isa = PBXFileReference; fileEncoding = 4; lastKnownFileType = sourcecode.swift; path = AddPlantViewModel.swift; sourceTree = "<group>"; };
		5C30198A294F719000ED1472 /* AddPlantViewController.swift */ = {isa = PBXFileReference; fileEncoding = 4; lastKnownFileType = sourcecode.swift; path = AddPlantViewController.swift; sourceTree = "<group>"; };
		5C30198B294F719000ED1472 /* AddPlantViewController.xib */ = {isa = PBXFileReference; fileEncoding = 4; lastKnownFileType = file.xib; path = AddPlantViewController.xib; sourceTree = "<group>"; };
		5C301990294F719D00ED1472 /* PlantDetailsViewModel.swift */ = {isa = PBXFileReference; fileEncoding = 4; lastKnownFileType = sourcecode.swift; path = PlantDetailsViewModel.swift; sourceTree = "<group>"; };
		5C301991294F719D00ED1472 /* PlantDetailsViewController.xib */ = {isa = PBXFileReference; fileEncoding = 4; lastKnownFileType = file.xib; path = PlantDetailsViewController.xib; sourceTree = "<group>"; };
		5C301992294F719D00ED1472 /* PlantDetailsViewController.swift */ = {isa = PBXFileReference; fileEncoding = 4; lastKnownFileType = sourcecode.swift; path = PlantDetailsViewController.swift; sourceTree = "<group>"; };
		5C301998294F736E00ED1472 /* SeparatorView.swift */ = {isa = PBXFileReference; fileEncoding = 4; lastKnownFileType = sourcecode.swift; path = SeparatorView.swift; sourceTree = "<group>"; };
		5C301999294F736E00ED1472 /* SeparatorView.xib */ = {isa = PBXFileReference; fileEncoding = 4; lastKnownFileType = file.xib; path = SeparatorView.xib; sourceTree = "<group>"; };
		5C30199B294F736E00ED1472 /* ButtonView.xib */ = {isa = PBXFileReference; fileEncoding = 4; lastKnownFileType = file.xib; path = ButtonView.xib; sourceTree = "<group>"; };
		5C30199C294F736E00ED1472 /* ButtonViewViewModel.swift */ = {isa = PBXFileReference; fileEncoding = 4; lastKnownFileType = sourcecode.swift; path = ButtonViewViewModel.swift; sourceTree = "<group>"; };
		5C30199D294F736E00ED1472 /* ButtonView.swift */ = {isa = PBXFileReference; fileEncoding = 4; lastKnownFileType = sourcecode.swift; path = ButtonView.swift; sourceTree = "<group>"; };
		5C30199F294F736E00ED1472 /* CustomTabBarView.xib */ = {isa = PBXFileReference; fileEncoding = 4; lastKnownFileType = file.xib; path = CustomTabBarView.xib; sourceTree = "<group>"; };
		5C3019A0294F736E00ED1472 /* CustomTabBarView.swift */ = {isa = PBXFileReference; fileEncoding = 4; lastKnownFileType = sourcecode.swift; path = CustomTabBarView.swift; sourceTree = "<group>"; };
		5C3019A2294F736E00ED1472 /* TextFieldView.swift */ = {isa = PBXFileReference; fileEncoding = 4; lastKnownFileType = sourcecode.swift; path = TextFieldView.swift; sourceTree = "<group>"; };
		5C3019A3294F736E00ED1472 /* TextFieldView.xib */ = {isa = PBXFileReference; fileEncoding = 4; lastKnownFileType = file.xib; path = TextFieldView.xib; sourceTree = "<group>"; };
		5C3019A4294F736E00ED1472 /* TextFieldViewViewModel.swift */ = {isa = PBXFileReference; fileEncoding = 4; lastKnownFileType = sourcecode.swift; path = TextFieldViewViewModel.swift; sourceTree = "<group>"; };
		5C3019A6294F736E00ED1472 /* QuickActionsViewViewModel.swift */ = {isa = PBXFileReference; fileEncoding = 4; lastKnownFileType = sourcecode.swift; path = QuickActionsViewViewModel.swift; sourceTree = "<group>"; };
		5C3019A7294F736E00ED1472 /* QuickActionsView.swift */ = {isa = PBXFileReference; fileEncoding = 4; lastKnownFileType = sourcecode.swift; path = QuickActionsView.swift; sourceTree = "<group>"; };
		5C3019A8294F736E00ED1472 /* QuickActionsView.xib */ = {isa = PBXFileReference; fileEncoding = 4; lastKnownFileType = file.xib; path = QuickActionsView.xib; sourceTree = "<group>"; };
		5C3019AA294F736E00ED1472 /* TextViewViewViewModel.swift */ = {isa = PBXFileReference; fileEncoding = 4; lastKnownFileType = sourcecode.swift; path = TextViewViewViewModel.swift; sourceTree = "<group>"; };
		5C3019AB294F736E00ED1472 /* TextViewView.swift */ = {isa = PBXFileReference; fileEncoding = 4; lastKnownFileType = sourcecode.swift; path = TextViewView.swift; sourceTree = "<group>"; };
		5C3019AC294F736E00ED1472 /* TextViewView.xib */ = {isa = PBXFileReference; fileEncoding = 4; lastKnownFileType = file.xib; path = TextViewView.xib; sourceTree = "<group>"; };
		5C3019AE294F736E00ED1472 /* LabelViewViewModel.swift */ = {isa = PBXFileReference; fileEncoding = 4; lastKnownFileType = sourcecode.swift; path = LabelViewViewModel.swift; sourceTree = "<group>"; };
		5C3019AF294F736E00ED1472 /* LabelView.xib */ = {isa = PBXFileReference; fileEncoding = 4; lastKnownFileType = file.xib; path = LabelView.xib; sourceTree = "<group>"; };
		5C3019B0294F736E00ED1472 /* LabelView.swift */ = {isa = PBXFileReference; fileEncoding = 4; lastKnownFileType = sourcecode.swift; path = LabelView.swift; sourceTree = "<group>"; };
		5C3019B2294F736E00ED1472 /* DatePickerViewViewModel.swift */ = {isa = PBXFileReference; fileEncoding = 4; lastKnownFileType = sourcecode.swift; path = DatePickerViewViewModel.swift; sourceTree = "<group>"; };
		5C3019B3294F736E00ED1472 /* DatePickerView.swift */ = {isa = PBXFileReference; fileEncoding = 4; lastKnownFileType = sourcecode.swift; path = DatePickerView.swift; sourceTree = "<group>"; };
		5C3019B4294F736E00ED1472 /* DatePickerView.xib */ = {isa = PBXFileReference; fileEncoding = 4; lastKnownFileType = file.xib; path = DatePickerView.xib; sourceTree = "<group>"; };
		5C592F0F2937CF7100D67289 /* HomeViewController.swift */ = {isa = PBXFileReference; lastKnownFileType = sourcecode.swift; path = HomeViewController.swift; sourceTree = "<group>"; };
		5C592F112937D04200D67289 /* MyPlantsViewController.swift */ = {isa = PBXFileReference; lastKnownFileType = sourcecode.swift; path = MyPlantsViewController.swift; sourceTree = "<group>"; };
		5C75059A293A8D1800569883 /* LaunchViewController.swift */ = {isa = PBXFileReference; lastKnownFileType = sourcecode.swift; path = LaunchViewController.swift; sourceTree = SOURCE_ROOT; };
		5C8FA2402937AC7E009CE9D7 /* PlantX.app */ = {isa = PBXFileReference; explicitFileType = wrapper.application; includeInIndex = 0; path = PlantX.app; sourceTree = BUILT_PRODUCTS_DIR; };
		5C8FA2432937AC7E009CE9D7 /* AppDelegate.swift */ = {isa = PBXFileReference; lastKnownFileType = sourcecode.swift; path = AppDelegate.swift; sourceTree = "<group>"; };
		5C8FA2452937AC7E009CE9D7 /* SceneDelegate.swift */ = {isa = PBXFileReference; lastKnownFileType = sourcecode.swift; path = SceneDelegate.swift; sourceTree = "<group>"; };
		5C8FA24A2937AC7E009CE9D7 /* Base */ = {isa = PBXFileReference; lastKnownFileType = file.storyboard; name = Base; path = Base.lproj/Main.storyboard; sourceTree = "<group>"; };
		5C8FA24D2937AC7E009CE9D7 /* PlantX.xcdatamodel */ = {isa = PBXFileReference; lastKnownFileType = wrapper.xcdatamodel; path = PlantX.xcdatamodel; sourceTree = "<group>"; };
		5C8FA24F2937AC7F009CE9D7 /* Assets.xcassets */ = {isa = PBXFileReference; lastKnownFileType = folder.assetcatalog; path = Assets.xcassets; sourceTree = "<group>"; };
		5C8FA2522937AC7F009CE9D7 /* Base */ = {isa = PBXFileReference; lastKnownFileType = file.storyboard; name = Base; path = Base.lproj/LaunchScreen.storyboard; sourceTree = "<group>"; };
		5C8FA2542937AC7F009CE9D7 /* Info.plist */ = {isa = PBXFileReference; lastKnownFileType = text.plist.xml; path = Info.plist; sourceTree = "<group>"; };
		5C8FA2592937AC80009CE9D7 /* PlantXTests.xctest */ = {isa = PBXFileReference; explicitFileType = wrapper.cfbundle; includeInIndex = 0; path = PlantXTests.xctest; sourceTree = BUILT_PRODUCTS_DIR; };
		5C8FA25D2937AC80009CE9D7 /* PlantXTests.swift */ = {isa = PBXFileReference; lastKnownFileType = sourcecode.swift; path = PlantXTests.swift; sourceTree = "<group>"; };
		5C8FA2632937AC80009CE9D7 /* PlantXUITests.xctest */ = {isa = PBXFileReference; explicitFileType = wrapper.cfbundle; includeInIndex = 0; path = PlantXUITests.xctest; sourceTree = BUILT_PRODUCTS_DIR; };
		5C8FA2672937AC80009CE9D7 /* PlantXUITests.swift */ = {isa = PBXFileReference; lastKnownFileType = sourcecode.swift; path = PlantXUITests.swift; sourceTree = "<group>"; };
		5C8FA2692937AC80009CE9D7 /* PlantXUITestsLaunchTests.swift */ = {isa = PBXFileReference; lastKnownFileType = sourcecode.swift; path = PlantXUITestsLaunchTests.swift; sourceTree = "<group>"; };
		5CCE5C83293A5BEB006F0251 /* FindViewController.swift */ = {isa = PBXFileReference; lastKnownFileType = sourcecode.swift; path = FindViewController.swift; sourceTree = "<group>"; };
		5CCE5C85293A5C02006F0251 /* HistoryViewController.swift */ = {isa = PBXFileReference; lastKnownFileType = sourcecode.swift; path = HistoryViewController.swift; sourceTree = SOURCE_ROOT; };
		5CCE5C87293A5C11006F0251 /* ResultViewController.swift */ = {isa = PBXFileReference; lastKnownFileType = sourcecode.swift; path = ResultViewController.swift; sourceTree = SOURCE_ROOT; };
/* End PBXFileReference section */

/* Begin PBXFrameworksBuildPhase section */
		5C8FA23D2937AC7E009CE9D7 /* Frameworks */ = {
			isa = PBXFrameworksBuildPhase;
			buildActionMask = 2147483647;
			files = (
			);
			runOnlyForDeploymentPostprocessing = 0;
		};
		5C8FA2562937AC80009CE9D7 /* Frameworks */ = {
			isa = PBXFrameworksBuildPhase;
			buildActionMask = 2147483647;
			files = (
			);
			runOnlyForDeploymentPostprocessing = 0;
		};
		5C8FA2602937AC80009CE9D7 /* Frameworks */ = {
			isa = PBXFrameworksBuildPhase;
			buildActionMask = 2147483647;
			files = (
			);
			runOnlyForDeploymentPostprocessing = 0;
		};
/* End PBXFrameworksBuildPhase section */

/* Begin PBXGroup section */
		5C301967294F6DCC00ED1472 /* Screens */ = {
			isa = PBXGroup;
			children = (
				5C30197F294F716200ED1472 /* TabBarViewController.swift */,
				5C30198F294F719D00ED1472 /* PlantDetails */,
				5C301988294F719000ED1472 /* AddPlant */,
				5C301981294F717B00ED1472 /* Loading */,
				5C30196A294F6F7A00ED1472 /* Garden */,
			);
			path = Screens;
			sourceTree = "<group>";
		};
		5C30196A294F6F7A00ED1472 /* Garden */ = {
			isa = PBXGroup;
			children = (
				5C30196B294F6F7A00ED1472 /* GardenHeaderView */,
				5C30196F294F6F7A00ED1472 /* PlantDetailsCell */,
				5C301974294F6F7A00ED1472 /* GardenViewController.xib */,
				5C301973294F6F7A00ED1472 /* GardenViewController.swift */,
				5C301975294F6F7A00ED1472 /* GardenViewModel.swift */,
			);
			path = Garden;
			sourceTree = "<group>";
		};
		5C30196B294F6F7A00ED1472 /* GardenHeaderView */ = {
			isa = PBXGroup;
			children = (
				5C30196C294F6F7A00ED1472 /* GardenHeaderCollectionReusableView.swift */,
				5C30196D294F6F7A00ED1472 /* GardenHeaderCollectionReusableViewViewModel.swift */,
				5C30196E294F6F7A00ED1472 /* GardenHeaderCollectionReusableView.xib */,
			);
			path = GardenHeaderView;
			sourceTree = "<group>";
		};
		5C30196F294F6F7A00ED1472 /* PlantDetailsCell */ = {
			isa = PBXGroup;
			children = (
				5C301970294F6F7A00ED1472 /* PlantDetailsCollectionViewCell.swift */,
				5C301971294F6F7A00ED1472 /* PlantDetailsCollectionViewCell.xib */,
				5C301972294F6F7A00ED1472 /* PlantDetailsCollectionViewCellViewModel.swift */,
			);
			path = PlantDetailsCell;
			sourceTree = "<group>";
		};
		5C301981294F717B00ED1472 /* Loading */ = {
			isa = PBXGroup;
			children = (
				5C301982294F717B00ED1472 /* LoadingViewController.xib */,
				5C301983294F717B00ED1472 /* LoadingViewModel.swift */,
				5C301984294F717B00ED1472 /* LoadingViewController.swift */,
			);
			path = Loading;
			sourceTree = "<group>";
		};
		5C301988294F719000ED1472 /* AddPlant */ = {
			isa = PBXGroup;
			children = (
				5C301989294F719000ED1472 /* AddPlantViewModel.swift */,
				5C30198A294F719000ED1472 /* AddPlantViewController.swift */,
				5C30198B294F719000ED1472 /* AddPlantViewController.xib */,
			);
			path = AddPlant;
			sourceTree = "<group>";
		};
		5C30198F294F719D00ED1472 /* PlantDetails */ = {
			isa = PBXGroup;
			children = (
				5C301990294F719D00ED1472 /* PlantDetailsViewModel.swift */,
				5C301991294F719D00ED1472 /* PlantDetailsViewController.xib */,
				5C301992294F719D00ED1472 /* PlantDetailsViewController.swift */,
			);
			path = PlantDetails;
			sourceTree = "<group>";
		};
		5C301996294F736E00ED1472 /* Views */ = {
			isa = PBXGroup;
			children = (
				5C301997294F736E00ED1472 /* SeparatorView */,
				5C30199A294F736E00ED1472 /* ButtonView */,
				5C30199E294F736E00ED1472 /* CustomTabBarView */,
				5C3019A1294F736E00ED1472 /* TextFieldView */,
				5C3019A5294F736E00ED1472 /* QuickActionsView */,
				5C3019A9294F736E00ED1472 /* TextViewView */,
				5C3019AD294F736E00ED1472 /* LabelView */,
				5C3019B1294F736E00ED1472 /* DatePickerView */,
			);
			path = Views;
			sourceTree = "<group>";
		};
		5C301997294F736E00ED1472 /* SeparatorView */ = {
			isa = PBXGroup;
			children = (
				5C301998294F736E00ED1472 /* SeparatorView.swift */,
				5C301999294F736E00ED1472 /* SeparatorView.xib */,
			);
			path = SeparatorView;
			sourceTree = "<group>";
		};
		5C30199A294F736E00ED1472 /* ButtonView */ = {
			isa = PBXGroup;
			children = (
				5C30199B294F736E00ED1472 /* ButtonView.xib */,
				5C30199C294F736E00ED1472 /* ButtonViewViewModel.swift */,
				5C30199D294F736E00ED1472 /* ButtonView.swift */,
			);
			path = ButtonView;
			sourceTree = "<group>";
		};
		5C30199E294F736E00ED1472 /* CustomTabBarView */ = {
			isa = PBXGroup;
			children = (
				5C30199F294F736E00ED1472 /* CustomTabBarView.xib */,
				5C3019A0294F736E00ED1472 /* CustomTabBarView.swift */,
			);
			path = CustomTabBarView;
			sourceTree = "<group>";
		};
		5C3019A1294F736E00ED1472 /* TextFieldView */ = {
			isa = PBXGroup;
			children = (
				5C3019A2294F736E00ED1472 /* TextFieldView.swift */,
				5C3019A3294F736E00ED1472 /* TextFieldView.xib */,
				5C3019A4294F736E00ED1472 /* TextFieldViewViewModel.swift */,
			);
			path = TextFieldView;
			sourceTree = "<group>";
		};
		5C3019A5294F736E00ED1472 /* QuickActionsView */ = {
			isa = PBXGroup;
			children = (
				5C3019A6294F736E00ED1472 /* QuickActionsViewViewModel.swift */,
				5C3019A7294F736E00ED1472 /* QuickActionsView.swift */,
				5C3019A8294F736E00ED1472 /* QuickActionsView.xib */,
			);
			path = QuickActionsView;
			sourceTree = "<group>";
		};
		5C3019A9294F736E00ED1472 /* TextViewView */ = {
			isa = PBXGroup;
			children = (
				5C3019AA294F736E00ED1472 /* TextViewViewViewModel.swift */,
				5C3019AB294F736E00ED1472 /* TextViewView.swift */,
				5C3019AC294F736E00ED1472 /* TextViewView.xib */,
			);
			path = TextViewView;
			sourceTree = "<group>";
		};
		5C3019AD294F736E00ED1472 /* LabelView */ = {
			isa = PBXGroup;
			children = (
				5C3019AE294F736E00ED1472 /* LabelViewViewModel.swift */,
				5C3019AF294F736E00ED1472 /* LabelView.xib */,
				5C3019B0294F736E00ED1472 /* LabelView.swift */,
			);
			path = LabelView;
			sourceTree = "<group>";
		};
		5C3019B1294F736E00ED1472 /* DatePickerView */ = {
			isa = PBXGroup;
			children = (
				5C3019B2294F736E00ED1472 /* DatePickerViewViewModel.swift */,
				5C3019B3294F736E00ED1472 /* DatePickerView.swift */,
				5C3019B4294F736E00ED1472 /* DatePickerView.xib */,
			);
			path = DatePickerView;
			sourceTree = "<group>";
		};
		5C8FA2372937AC7E009CE9D7 = {
			isa = PBXGroup;
			children = (
				5C8FA2422937AC7E009CE9D7 /* PlantX */,
				5C8FA25C2937AC80009CE9D7 /* PlantXTests */,
				5C8FA2662937AC80009CE9D7 /* PlantXUITests */,
				5C8FA2412937AC7E009CE9D7 /* Products */,
			);
			sourceTree = "<group>";
		};
		5C8FA2412937AC7E009CE9D7 /* Products */ = {
			isa = PBXGroup;
			children = (
				5C8FA2402937AC7E009CE9D7 /* PlantX.app */,
				5C8FA2592937AC80009CE9D7 /* PlantXTests.xctest */,
				5C8FA2632937AC80009CE9D7 /* PlantXUITests.xctest */,
			);
			name = Products;
			sourceTree = "<group>";
		};
		5C8FA2422937AC7E009CE9D7 /* PlantX */ = {
			isa = PBXGroup;
			children = (
				5C301996294F736E00ED1472 /* Views */,
				5C301967294F6DCC00ED1472 /* Screens */,
				5C75059A293A8D1800569883 /* LaunchViewController.swift */,
				5C8FA2432937AC7E009CE9D7 /* AppDelegate.swift */,
				5C8FA2452937AC7E009CE9D7 /* SceneDelegate.swift */,
				5C592F0F2937CF7100D67289 /* HomeViewController.swift */,
				5C592F112937D04200D67289 /* MyPlantsViewController.swift */,
				5CCE5C85293A5C02006F0251 /* HistoryViewController.swift */,
				5CCE5C87293A5C11006F0251 /* ResultViewController.swift */,
				5CCE5C83293A5BEB006F0251 /* FindViewController.swift */,
				5C8FA2492937AC7E009CE9D7 /* Main.storyboard */,
				5C8FA24F2937AC7F009CE9D7 /* Assets.xcassets */,
				5C8FA2512937AC7F009CE9D7 /* LaunchScreen.storyboard */,
				5C8FA2542937AC7F009CE9D7 /* Info.plist */,
				5C8FA24C2937AC7E009CE9D7 /* PlantX.xcdatamodeld */,
			);
			path = PlantX;
			sourceTree = "<group>";
		};
		5C8FA25C2937AC80009CE9D7 /* PlantXTests */ = {
			isa = PBXGroup;
			children = (
				5C8FA25D2937AC80009CE9D7 /* PlantXTests.swift */,
			);
			path = PlantXTests;
			sourceTree = "<group>";
		};
		5C8FA2662937AC80009CE9D7 /* PlantXUITests */ = {
			isa = PBXGroup;
			children = (
				5C8FA2672937AC80009CE9D7 /* PlantXUITests.swift */,
				5C8FA2692937AC80009CE9D7 /* PlantXUITestsLaunchTests.swift */,
			);
			path = PlantXUITests;
			sourceTree = "<group>";
		};
/* End PBXGroup section */

/* Begin PBXNativeTarget section */
		5C8FA23F2937AC7E009CE9D7 /* PlantX */ = {
			isa = PBXNativeTarget;
			buildConfigurationList = 5C8FA26D2937AC80009CE9D7 /* Build configuration list for PBXNativeTarget "PlantX" */;
			buildPhases = (
				5C8FA23C2937AC7E009CE9D7 /* Sources */,
				5C8FA23D2937AC7E009CE9D7 /* Frameworks */,
				5C8FA23E2937AC7E009CE9D7 /* Resources */,
			);
			buildRules = (
			);
			dependencies = (
			);
			name = PlantX;
			productName = PlantX;
			productReference = 5C8FA2402937AC7E009CE9D7 /* PlantX.app */;
			productType = "com.apple.product-type.application";
		};
		5C8FA2582937AC80009CE9D7 /* PlantXTests */ = {
			isa = PBXNativeTarget;
			buildConfigurationList = 5C8FA2702937AC80009CE9D7 /* Build configuration list for PBXNativeTarget "PlantXTests" */;
			buildPhases = (
				5C8FA2552937AC80009CE9D7 /* Sources */,
				5C8FA2562937AC80009CE9D7 /* Frameworks */,
				5C8FA2572937AC80009CE9D7 /* Resources */,
			);
			buildRules = (
			);
			dependencies = (
				5C8FA25B2937AC80009CE9D7 /* PBXTargetDependency */,
			);
			name = PlantXTests;
			productName = PlantXTests;
			productReference = 5C8FA2592937AC80009CE9D7 /* PlantXTests.xctest */;
			productType = "com.apple.product-type.bundle.unit-test";
		};
		5C8FA2622937AC80009CE9D7 /* PlantXUITests */ = {
			isa = PBXNativeTarget;
			buildConfigurationList = 5C8FA2732937AC80009CE9D7 /* Build configuration list for PBXNativeTarget "PlantXUITests" */;
			buildPhases = (
				5C8FA25F2937AC80009CE9D7 /* Sources */,
				5C8FA2602937AC80009CE9D7 /* Frameworks */,
				5C8FA2612937AC80009CE9D7 /* Resources */,
			);
			buildRules = (
			);
			dependencies = (
				5C8FA2652937AC80009CE9D7 /* PBXTargetDependency */,
			);
			name = PlantXUITests;
			productName = PlantXUITests;
			productReference = 5C8FA2632937AC80009CE9D7 /* PlantXUITests.xctest */;
			productType = "com.apple.product-type.bundle.ui-testing";
		};
/* End PBXNativeTarget section */

/* Begin PBXProject section */
		5C8FA2382937AC7E009CE9D7 /* Project object */ = {
			isa = PBXProject;
			attributes = {
				BuildIndependentTargetsInParallel = 1;
				LastSwiftUpdateCheck = 1410;
				LastUpgradeCheck = 1410;
				TargetAttributes = {
					5C8FA23F2937AC7E009CE9D7 = {
						CreatedOnToolsVersion = 14.1;
					};
					5C8FA2582937AC80009CE9D7 = {
						CreatedOnToolsVersion = 14.1;
						TestTargetID = 5C8FA23F2937AC7E009CE9D7;
					};
					5C8FA2622937AC80009CE9D7 = {
						CreatedOnToolsVersion = 14.1;
						TestTargetID = 5C8FA23F2937AC7E009CE9D7;
					};
				};
			};
			buildConfigurationList = 5C8FA23B2937AC7E009CE9D7 /* Build configuration list for PBXProject "PlantX" */;
			compatibilityVersion = "Xcode 14.0";
			developmentRegion = en;
			hasScannedForEncodings = 0;
			knownRegions = (
				en,
				Base,
			);
			mainGroup = 5C8FA2372937AC7E009CE9D7;
			productRefGroup = 5C8FA2412937AC7E009CE9D7 /* Products */;
			projectDirPath = "";
			projectRoot = "";
			targets = (
				5C8FA23F2937AC7E009CE9D7 /* PlantX */,
				5C8FA2582937AC80009CE9D7 /* PlantXTests */,
				5C8FA2622937AC80009CE9D7 /* PlantXUITests */,
			);
		};
/* End PBXProject section */

/* Begin PBXResourcesBuildPhase section */
		5C8FA23E2937AC7E009CE9D7 /* Resources */ = {
			isa = PBXResourcesBuildPhase;
			buildActionMask = 2147483647;
			files = (
				5C301985294F717B00ED1472 /* LoadingViewController.xib in Resources */,
				5C8FA2532937AC7F009CE9D7 /* LaunchScreen.storyboard in Resources */,
				5C30198E294F719000ED1472 /* AddPlantViewController.xib in Resources */,
				5C3019CA294F736E00ED1472 /* DatePickerView.xib in Resources */,
				5C30197A294F6F7A00ED1472 /* PlantDetailsCollectionViewCell.xib in Resources */,
				5C3019B6294F736E00ED1472 /* SeparatorView.xib in Resources */,
				5C301994294F719D00ED1472 /* PlantDetailsViewController.xib in Resources */,
				5C8FA2502937AC7F009CE9D7 /* Assets.xcassets in Resources */,
				5C30197D294F6F7A00ED1472 /* GardenViewController.xib in Resources */,
				5C8FA24B2937AC7E009CE9D7 /* Main.storyboard in Resources */,
				5C3019C6294F736E00ED1472 /* LabelView.xib in Resources */,
				5C3019C4294F736E00ED1472 /* TextViewView.xib in Resources */,
				5C3019B7294F736E00ED1472 /* ButtonView.xib in Resources */,
				5C3019C1294F736E00ED1472 /* QuickActionsView.xib in Resources */,
				5C301978294F6F7A00ED1472 /* GardenHeaderCollectionReusableView.xib in Resources */,
				5C3019BA294F736E00ED1472 /* CustomTabBarView.xib in Resources */,
				5C3019BD294F736E00ED1472 /* TextFieldView.xib in Resources */,
			);
			runOnlyForDeploymentPostprocessing = 0;
		};
		5C8FA2572937AC80009CE9D7 /* Resources */ = {
			isa = PBXResourcesBuildPhase;
			buildActionMask = 2147483647;
			files = (
			);
			runOnlyForDeploymentPostprocessing = 0;
		};
		5C8FA2612937AC80009CE9D7 /* Resources */ = {
			isa = PBXResourcesBuildPhase;
			buildActionMask = 2147483647;
			files = (
			);
			runOnlyForDeploymentPostprocessing = 0;
		};
/* End PBXResourcesBuildPhase section */

/* Begin PBXSourcesBuildPhase section */
		5C8FA23C2937AC7E009CE9D7 /* Sources */ = {
			isa = PBXSourcesBuildPhase;
			buildActionMask = 2147483647;
			files = (
				5C301995294F719D00ED1472 /* PlantDetailsViewController.swift in Sources */,
				5C301980294F716200ED1472 /* TabBarViewController.swift in Sources */,
				5C3019B9294F736E00ED1472 /* ButtonView.swift in Sources */,
				5C592F102937CF7100D67289 /* HomeViewController.swift in Sources */,
				5C3019B5294F736E00ED1472 /* SeparatorView.swift in Sources */,
				5C30197C294F6F7A00ED1472 /* GardenViewController.swift in Sources */,
				5C8FA2442937AC7E009CE9D7 /* AppDelegate.swift in Sources */,
				5C3019BE294F736E00ED1472 /* TextFieldViewViewModel.swift in Sources */,
				5C3019C3294F736E00ED1472 /* TextViewView.swift in Sources */,
				5C3019C7294F736E00ED1472 /* LabelView.swift in Sources */,
				5C30198C294F719000ED1472 /* AddPlantViewModel.swift in Sources */,
				5C3019C8294F736E00ED1472 /* DatePickerViewViewModel.swift in Sources */,
				5C3019C5294F736E00ED1472 /* LabelViewViewModel.swift in Sources */,
				5C3019BC294F736E00ED1472 /* TextFieldView.swift in Sources */,
				5C3019B8294F736E00ED1472 /* ButtonViewViewModel.swift in Sources */,
				5C3019BB294F736E00ED1472 /* CustomTabBarView.swift in Sources */,
				5C8FA24E2937AC7E009CE9D7 /* PlantX.xcdatamodeld in Sources */,
				5C301987294F717B00ED1472 /* LoadingViewController.swift in Sources */,
				5C3019C2294F736E00ED1472 /* TextViewViewViewModel.swift in Sources */,
				5C301976294F6F7A00ED1472 /* GardenHeaderCollectionReusableView.swift in Sources */,
				5C592F122937D04200D67289 /* MyPlantsViewController.swift in Sources */,
				5C30197E294F6F7A00ED1472 /* GardenViewModel.swift in Sources */,
				5C30198D294F719000ED1472 /* AddPlantViewController.swift in Sources */,
				5CCE5C84293A5BEB006F0251 /* FindViewController.swift in Sources */,
				5C301986294F717B00ED1472 /* LoadingViewModel.swift in Sources */,
				5C301977294F6F7A00ED1472 /* GardenHeaderCollectionReusableViewViewModel.swift in Sources */,
				5C8FA2462937AC7E009CE9D7 /* SceneDelegate.swift in Sources */,
				5CCE5C86293A5C02006F0251 /* HistoryViewController.swift in Sources */,
				5C301993294F719D00ED1472 /* PlantDetailsViewModel.swift in Sources */,
				5C3019C0294F736E00ED1472 /* QuickActionsView.swift in Sources */,
				5C3019C9294F736E00ED1472 /* DatePickerView.swift in Sources */,
				5C30197B294F6F7A00ED1472 /* PlantDetailsCollectionViewCellViewModel.swift in Sources */,
				5C75059B293A8D1800569883 /* LaunchViewController.swift in Sources */,
				5C3019BF294F736E00ED1472 /* QuickActionsViewViewModel.swift in Sources */,
				5CCE5C88293A5C11006F0251 /* ResultViewController.swift in Sources */,
				5C301979294F6F7A00ED1472 /* PlantDetailsCollectionViewCell.swift in Sources */,
			);
			runOnlyForDeploymentPostprocessing = 0;
		};
		5C8FA2552937AC80009CE9D7 /* Sources */ = {
			isa = PBXSourcesBuildPhase;
			buildActionMask = 2147483647;
			files = (
				5C8FA25E2937AC80009CE9D7 /* PlantXTests.swift in Sources */,
			);
			runOnlyForDeploymentPostprocessing = 0;
		};
		5C8FA25F2937AC80009CE9D7 /* Sources */ = {
			isa = PBXSourcesBuildPhase;
			buildActionMask = 2147483647;
			files = (
				5C8FA2682937AC80009CE9D7 /* PlantXUITests.swift in Sources */,
				5C8FA26A2937AC80009CE9D7 /* PlantXUITestsLaunchTests.swift in Sources */,
			);
			runOnlyForDeploymentPostprocessing = 0;
		};
/* End PBXSourcesBuildPhase section */

/* Begin PBXTargetDependency section */
		5C8FA25B2937AC80009CE9D7 /* PBXTargetDependency */ = {
			isa = PBXTargetDependency;
			target = 5C8FA23F2937AC7E009CE9D7 /* PlantX */;
			targetProxy = 5C8FA25A2937AC80009CE9D7 /* PBXContainerItemProxy */;
		};
		5C8FA2652937AC80009CE9D7 /* PBXTargetDependency */ = {
			isa = PBXTargetDependency;
			target = 5C8FA23F2937AC7E009CE9D7 /* PlantX */;
			targetProxy = 5C8FA2642937AC80009CE9D7 /* PBXContainerItemProxy */;
		};
/* End PBXTargetDependency section */

/* Begin PBXVariantGroup section */
		5C8FA2492937AC7E009CE9D7 /* Main.storyboard */ = {
			isa = PBXVariantGroup;
			children = (
				5C8FA24A2937AC7E009CE9D7 /* Base */,
			);
			name = Main.storyboard;
			sourceTree = "<group>";
		};
		5C8FA2512937AC7F009CE9D7 /* LaunchScreen.storyboard */ = {
			isa = PBXVariantGroup;
			children = (
				5C8FA2522937AC7F009CE9D7 /* Base */,
			);
			name = LaunchScreen.storyboard;
			sourceTree = "<group>";
		};
/* End PBXVariantGroup section */

/* Begin XCBuildConfiguration section */
		5C8FA26B2937AC80009CE9D7 /* Debug */ = {
			isa = XCBuildConfiguration;
			buildSettings = {
				ALWAYS_SEARCH_USER_PATHS = NO;
				CLANG_ANALYZER_NONNULL = YES;
				CLANG_ANALYZER_NUMBER_OBJECT_CONVERSION = YES_AGGRESSIVE;
				CLANG_CXX_LANGUAGE_STANDARD = "gnu++20";
				CLANG_ENABLE_MODULES = YES;
				CLANG_ENABLE_OBJC_ARC = YES;
				CLANG_ENABLE_OBJC_WEAK = YES;
				CLANG_WARN_BLOCK_CAPTURE_AUTORELEASING = YES;
				CLANG_WARN_BOOL_CONVERSION = YES;
				CLANG_WARN_COMMA = YES;
				CLANG_WARN_CONSTANT_CONVERSION = YES;
				CLANG_WARN_DEPRECATED_OBJC_IMPLEMENTATIONS = YES;
				CLANG_WARN_DIRECT_OBJC_ISA_USAGE = YES_ERROR;
				CLANG_WARN_DOCUMENTATION_COMMENTS = YES;
				CLANG_WARN_EMPTY_BODY = YES;
				CLANG_WARN_ENUM_CONVERSION = YES;
				CLANG_WARN_INFINITE_RECURSION = YES;
				CLANG_WARN_INT_CONVERSION = YES;
				CLANG_WARN_NON_LITERAL_NULL_CONVERSION = YES;
				CLANG_WARN_OBJC_IMPLICIT_RETAIN_SELF = YES;
				CLANG_WARN_OBJC_LITERAL_CONVERSION = YES;
				CLANG_WARN_OBJC_ROOT_CLASS = YES_ERROR;
				CLANG_WARN_QUOTED_INCLUDE_IN_FRAMEWORK_HEADER = YES;
				CLANG_WARN_RANGE_LOOP_ANALYSIS = YES;
				CLANG_WARN_STRICT_PROTOTYPES = YES;
				CLANG_WARN_SUSPICIOUS_MOVE = YES;
				CLANG_WARN_UNGUARDED_AVAILABILITY = YES_AGGRESSIVE;
				CLANG_WARN_UNREACHABLE_CODE = YES;
				CLANG_WARN__DUPLICATE_METHOD_MATCH = YES;
				COPY_PHASE_STRIP = NO;
				DEBUG_INFORMATION_FORMAT = dwarf;
				ENABLE_STRICT_OBJC_MSGSEND = YES;
				ENABLE_TESTABILITY = YES;
				GCC_C_LANGUAGE_STANDARD = gnu11;
				GCC_DYNAMIC_NO_PIC = NO;
				GCC_NO_COMMON_BLOCKS = YES;
				GCC_OPTIMIZATION_LEVEL = 0;
				GCC_PREPROCESSOR_DEFINITIONS = (
					"DEBUG=1",
					"$(inherited)",
				);
				GCC_WARN_64_TO_32_BIT_CONVERSION = YES;
				GCC_WARN_ABOUT_RETURN_TYPE = YES_ERROR;
				GCC_WARN_UNDECLARED_SELECTOR = YES;
				GCC_WARN_UNINITIALIZED_AUTOS = YES_AGGRESSIVE;
				GCC_WARN_UNUSED_FUNCTION = YES;
				GCC_WARN_UNUSED_VARIABLE = YES;
				IPHONEOS_DEPLOYMENT_TARGET = 16.1;
				MTL_ENABLE_DEBUG_INFO = INCLUDE_SOURCE;
				MTL_FAST_MATH = YES;
				ONLY_ACTIVE_ARCH = YES;
				SDKROOT = iphoneos;
				SWIFT_ACTIVE_COMPILATION_CONDITIONS = DEBUG;
				SWIFT_OPTIMIZATION_LEVEL = "-Onone";
			};
			name = Debug;
		};
		5C8FA26C2937AC80009CE9D7 /* Release */ = {
			isa = XCBuildConfiguration;
			buildSettings = {
				ALWAYS_SEARCH_USER_PATHS = NO;
				CLANG_ANALYZER_NONNULL = YES;
				CLANG_ANALYZER_NUMBER_OBJECT_CONVERSION = YES_AGGRESSIVE;
				CLANG_CXX_LANGUAGE_STANDARD = "gnu++20";
				CLANG_ENABLE_MODULES = YES;
				CLANG_ENABLE_OBJC_ARC = YES;
				CLANG_ENABLE_OBJC_WEAK = YES;
				CLANG_WARN_BLOCK_CAPTURE_AUTORELEASING = YES;
				CLANG_WARN_BOOL_CONVERSION = YES;
				CLANG_WARN_COMMA = YES;
				CLANG_WARN_CONSTANT_CONVERSION = YES;
				CLANG_WARN_DEPRECATED_OBJC_IMPLEMENTATIONS = YES;
				CLANG_WARN_DIRECT_OBJC_ISA_USAGE = YES_ERROR;
				CLANG_WARN_DOCUMENTATION_COMMENTS = YES;
				CLANG_WARN_EMPTY_BODY = YES;
				CLANG_WARN_ENUM_CONVERSION = YES;
				CLANG_WARN_INFINITE_RECURSION = YES;
				CLANG_WARN_INT_CONVERSION = YES;
				CLANG_WARN_NON_LITERAL_NULL_CONVERSION = YES;
				CLANG_WARN_OBJC_IMPLICIT_RETAIN_SELF = YES;
				CLANG_WARN_OBJC_LITERAL_CONVERSION = YES;
				CLANG_WARN_OBJC_ROOT_CLASS = YES_ERROR;
				CLANG_WARN_QUOTED_INCLUDE_IN_FRAMEWORK_HEADER = YES;
				CLANG_WARN_RANGE_LOOP_ANALYSIS = YES;
				CLANG_WARN_STRICT_PROTOTYPES = YES;
				CLANG_WARN_SUSPICIOUS_MOVE = YES;
				CLANG_WARN_UNGUARDED_AVAILABILITY = YES_AGGRESSIVE;
				CLANG_WARN_UNREACHABLE_CODE = YES;
				CLANG_WARN__DUPLICATE_METHOD_MATCH = YES;
				COPY_PHASE_STRIP = NO;
				DEBUG_INFORMATION_FORMAT = "dwarf-with-dsym";
				ENABLE_NS_ASSERTIONS = NO;
				ENABLE_STRICT_OBJC_MSGSEND = YES;
				GCC_C_LANGUAGE_STANDARD = gnu11;
				GCC_NO_COMMON_BLOCKS = YES;
				GCC_WARN_64_TO_32_BIT_CONVERSION = YES;
				GCC_WARN_ABOUT_RETURN_TYPE = YES_ERROR;
				GCC_WARN_UNDECLARED_SELECTOR = YES;
				GCC_WARN_UNINITIALIZED_AUTOS = YES_AGGRESSIVE;
				GCC_WARN_UNUSED_FUNCTION = YES;
				GCC_WARN_UNUSED_VARIABLE = YES;
				IPHONEOS_DEPLOYMENT_TARGET = 16.1;
				MTL_ENABLE_DEBUG_INFO = NO;
				MTL_FAST_MATH = YES;
				SDKROOT = iphoneos;
				SWIFT_COMPILATION_MODE = wholemodule;
				SWIFT_OPTIMIZATION_LEVEL = "-O";
				VALIDATE_PRODUCT = YES;
			};
			name = Release;
		};
		5C8FA26E2937AC80009CE9D7 /* Debug */ = {
			isa = XCBuildConfiguration;
			buildSettings = {
				ASSETCATALOG_COMPILER_APPICON_NAME = AppIcon;
				ASSETCATALOG_COMPILER_GLOBAL_ACCENT_COLOR_NAME = AccentColor;
				CODE_SIGN_STYLE = Automatic;
				CURRENT_PROJECT_VERSION = 1;
				DEVELOPMENT_TEAM = 9RVC283PBZ;
				GENERATE_INFOPLIST_FILE = YES;
				INFOPLIST_FILE = PlantX/Info.plist;
				INFOPLIST_KEY_UIApplicationSupportsIndirectInputEvents = YES;
				INFOPLIST_KEY_UILaunchStoryboardName = LaunchScreen;
				INFOPLIST_KEY_UIMainStoryboardFile = Main;
				INFOPLIST_KEY_UISupportedInterfaceOrientations = UIInterfaceOrientationPortrait;
				INFOPLIST_KEY_UISupportedInterfaceOrientations_iPad = "UIInterfaceOrientationLandscapeLeft UIInterfaceOrientationLandscapeRight UIInterfaceOrientationPortrait UIInterfaceOrientationPortraitUpsideDown";
				IPHONEOS_DEPLOYMENT_TARGET = 14.2;
				LD_RUNPATH_SEARCH_PATHS = (
					"$(inherited)",
					"@executable_path/Frameworks",
				);
				MARKETING_VERSION = 1.0;
				PRODUCT_BUNDLE_IDENTIFIER = RaSoft.PlantX;
				PRODUCT_NAME = "$(TARGET_NAME)";
				SUPPORTED_PLATFORMS = "iphoneos iphonesimulator";
				SUPPORTS_MACCATALYST = NO;
				SUPPORTS_MAC_DESIGNED_FOR_IPHONE_IPAD = NO;
				SWIFT_EMIT_LOC_STRINGS = YES;
				SWIFT_VERSION = 5.0;
				TARGETED_DEVICE_FAMILY = 1;
			};
			name = Debug;
		};
		5C8FA26F2937AC80009CE9D7 /* Release */ = {
			isa = XCBuildConfiguration;
			buildSettings = {
				ASSETCATALOG_COMPILER_APPICON_NAME = AppIcon;
				ASSETCATALOG_COMPILER_GLOBAL_ACCENT_COLOR_NAME = AccentColor;
				CODE_SIGN_STYLE = Automatic;
				CURRENT_PROJECT_VERSION = 1;
				DEVELOPMENT_TEAM = 9RVC283PBZ;
				GENERATE_INFOPLIST_FILE = YES;
				INFOPLIST_FILE = PlantX/Info.plist;
				INFOPLIST_KEY_UIApplicationSupportsIndirectInputEvents = YES;
				INFOPLIST_KEY_UILaunchStoryboardName = LaunchScreen;
				INFOPLIST_KEY_UIMainStoryboardFile = Main;
				INFOPLIST_KEY_UISupportedInterfaceOrientations = UIInterfaceOrientationPortrait;
				INFOPLIST_KEY_UISupportedInterfaceOrientations_iPad = "UIInterfaceOrientationLandscapeLeft UIInterfaceOrientationLandscapeRight UIInterfaceOrientationPortrait UIInterfaceOrientationPortraitUpsideDown";
				IPHONEOS_DEPLOYMENT_TARGET = 14.2;
				LD_RUNPATH_SEARCH_PATHS = (
					"$(inherited)",
					"@executable_path/Frameworks",
				);
				MARKETING_VERSION = 1.0;
				PRODUCT_BUNDLE_IDENTIFIER = RaSoft.PlantX;
				PRODUCT_NAME = "$(TARGET_NAME)";
				SUPPORTED_PLATFORMS = "iphoneos iphonesimulator";
				SUPPORTS_MACCATALYST = NO;
				SUPPORTS_MAC_DESIGNED_FOR_IPHONE_IPAD = NO;
				SWIFT_EMIT_LOC_STRINGS = YES;
				SWIFT_VERSION = 5.0;
				TARGETED_DEVICE_FAMILY = 1;
			};
			name = Release;
		};
		5C8FA2712937AC80009CE9D7 /* Debug */ = {
			isa = XCBuildConfiguration;
			buildSettings = {
				ALWAYS_EMBED_SWIFT_STANDARD_LIBRARIES = YES;
				BUNDLE_LOADER = "$(TEST_HOST)";
				CODE_SIGN_STYLE = Automatic;
				CURRENT_PROJECT_VERSION = 1;
				DEVELOPMENT_TEAM = 9RVC283PBZ;
				GENERATE_INFOPLIST_FILE = YES;
				IPHONEOS_DEPLOYMENT_TARGET = 15.0;
				MARKETING_VERSION = 1.0;
				PRODUCT_BUNDLE_IDENTIFIER = RaSoft.PlantXTests;
				PRODUCT_NAME = "$(TARGET_NAME)";
				SWIFT_EMIT_LOC_STRINGS = NO;
				SWIFT_VERSION = 5.0;
				TARGETED_DEVICE_FAMILY = "1,2";
				TEST_HOST = "$(BUILT_PRODUCTS_DIR)/PlantX.app/$(BUNDLE_EXECUTABLE_FOLDER_PATH)/PlantX";
			};
			name = Debug;
		};
		5C8FA2722937AC80009CE9D7 /* Release */ = {
			isa = XCBuildConfiguration;
			buildSettings = {
				ALWAYS_EMBED_SWIFT_STANDARD_LIBRARIES = YES;
				BUNDLE_LOADER = "$(TEST_HOST)";
				CODE_SIGN_STYLE = Automatic;
				CURRENT_PROJECT_VERSION = 1;
				DEVELOPMENT_TEAM = 9RVC283PBZ;
				GENERATE_INFOPLIST_FILE = YES;
				IPHONEOS_DEPLOYMENT_TARGET = 15.0;
				MARKETING_VERSION = 1.0;
				PRODUCT_BUNDLE_IDENTIFIER = RaSoft.PlantXTests;
				PRODUCT_NAME = "$(TARGET_NAME)";
				SWIFT_EMIT_LOC_STRINGS = NO;
				SWIFT_VERSION = 5.0;
				TARGETED_DEVICE_FAMILY = "1,2";
				TEST_HOST = "$(BUILT_PRODUCTS_DIR)/PlantX.app/$(BUNDLE_EXECUTABLE_FOLDER_PATH)/PlantX";
			};
			name = Release;
		};
		5C8FA2742937AC80009CE9D7 /* Debug */ = {
			isa = XCBuildConfiguration;
			buildSettings = {
				ALWAYS_EMBED_SWIFT_STANDARD_LIBRARIES = YES;
				CODE_SIGN_STYLE = Automatic;
				CURRENT_PROJECT_VERSION = 1;
				DEVELOPMENT_TEAM = 9RVC283PBZ;
				GENERATE_INFOPLIST_FILE = YES;
				MARKETING_VERSION = 1.0;
				PRODUCT_BUNDLE_IDENTIFIER = RaSoft.PlantXUITests;
				PRODUCT_NAME = "$(TARGET_NAME)";
				SWIFT_EMIT_LOC_STRINGS = NO;
				SWIFT_VERSION = 5.0;
				TARGETED_DEVICE_FAMILY = "1,2";
				TEST_TARGET_NAME = PlantX;
			};
			name = Debug;
		};
		5C8FA2752937AC80009CE9D7 /* Release */ = {
			isa = XCBuildConfiguration;
			buildSettings = {
				ALWAYS_EMBED_SWIFT_STANDARD_LIBRARIES = YES;
				CODE_SIGN_STYLE = Automatic;
				CURRENT_PROJECT_VERSION = 1;
				DEVELOPMENT_TEAM = 9RVC283PBZ;
				GENERATE_INFOPLIST_FILE = YES;
				MARKETING_VERSION = 1.0;
				PRODUCT_BUNDLE_IDENTIFIER = RaSoft.PlantXUITests;
				PRODUCT_NAME = "$(TARGET_NAME)";
				SWIFT_EMIT_LOC_STRINGS = NO;
				SWIFT_VERSION = 5.0;
				TARGETED_DEVICE_FAMILY = "1,2";
				TEST_TARGET_NAME = PlantX;
			};
			name = Release;
		};
/* End XCBuildConfiguration section */

/* Begin XCConfigurationList section */
		5C8FA23B2937AC7E009CE9D7 /* Build configuration list for PBXProject "PlantX" */ = {
			isa = XCConfigurationList;
			buildConfigurations = (
				5C8FA26B2937AC80009CE9D7 /* Debug */,
				5C8FA26C2937AC80009CE9D7 /* Release */,
			);
			defaultConfigurationIsVisible = 0;
			defaultConfigurationName = Release;
		};
		5C8FA26D2937AC80009CE9D7 /* Build configuration list for PBXNativeTarget "PlantX" */ = {
			isa = XCConfigurationList;
			buildConfigurations = (
				5C8FA26E2937AC80009CE9D7 /* Debug */,
				5C8FA26F2937AC80009CE9D7 /* Release */,
			);
			defaultConfigurationIsVisible = 0;
			defaultConfigurationName = Release;
		};
		5C8FA2702937AC80009CE9D7 /* Build configuration list for PBXNativeTarget "PlantXTests" */ = {
			isa = XCConfigurationList;
			buildConfigurations = (
				5C8FA2712937AC80009CE9D7 /* Debug */,
				5C8FA2722937AC80009CE9D7 /* Release */,
			);
			defaultConfigurationIsVisible = 0;
			defaultConfigurationName = Release;
		};
		5C8FA2732937AC80009CE9D7 /* Build configuration list for PBXNativeTarget "PlantXUITests" */ = {
			isa = XCConfigurationList;
			buildConfigurations = (
				5C8FA2742937AC80009CE9D7 /* Debug */,
				5C8FA2752937AC80009CE9D7 /* Release */,
			);
			defaultConfigurationIsVisible = 0;
			defaultConfigurationName = Release;
		};
/* End XCConfigurationList section */

/* Begin XCVersionGroup section */
		5C8FA24C2937AC7E009CE9D7 /* PlantX.xcdatamodeld */ = {
			isa = XCVersionGroup;
			children = (
				5C8FA24D2937AC7E009CE9D7 /* PlantX.xcdatamodel */,
			);
			currentVersion = 5C8FA24D2937AC7E009CE9D7 /* PlantX.xcdatamodel */;
			path = PlantX.xcdatamodeld;
			sourceTree = "<group>";
			versionGroupType = wrapper.xcdatamodel;
		};
/* End XCVersionGroup section */
	};
	rootObject = 5C8FA2382937AC7E009CE9D7 /* Project object */;
}
